// !$*UTF8*$!
{
	archiveVersion = 1;
	classes = {
	};
	objectVersion = 50;
	objects = {

/* Begin PBXBuildFile section */
		0447E7AD2306D96F00103EA4 /* AppDelegate.swift in Sources */ = {isa = PBXBuildFile; fileRef = 0447E7AC2306D96F00103EA4 /* AppDelegate.swift */; };
		0447E7AF2306D96F00103EA4 /* ViewController.swift in Sources */ = {isa = PBXBuildFile; fileRef = 0447E7AE2306D96F00103EA4 /* ViewController.swift */; };
		0447E7B22306D96F00103EA4 /* Main.storyboard in Resources */ = {isa = PBXBuildFile; fileRef = 0447E7B02306D96F00103EA4 /* Main.storyboard */; };
		0447E7B42306D97100103EA4 /* Assets.xcassets in Resources */ = {isa = PBXBuildFile; fileRef = 0447E7B32306D97100103EA4 /* Assets.xcassets */; };
		0447E7B72306D97100103EA4 /* LaunchScreen.storyboard in Resources */ = {isa = PBXBuildFile; fileRef = 0447E7B52306D97100103EA4 /* LaunchScreen.storyboard */; };
		0447E7C22306D97100103EA4 /* SecondWeekTestProjectUITests.swift in Sources */ = {isa = PBXBuildFile; fileRef = 0447E7C12306D97100103EA4 /* SecondWeekTestProjectUITests.swift */; };
		0447E7CD2306E01300103EA4 /* NextViewController.swift in Sources */ = {isa = PBXBuildFile; fileRef = 0447E7CC2306E01300103EA4 /* NextViewController.swift */; };
/* End PBXBuildFile section */

/* Begin PBXContainerItemProxy section */
		0447E7BE2306D97100103EA4 /* PBXContainerItemProxy */ = {
			isa = PBXContainerItemProxy;
			containerPortal = 0447E7A12306D96F00103EA4 /* Project object */;
			proxyType = 1;
			remoteGlobalIDString = 0447E7A82306D96F00103EA4;
			remoteInfo = SecondWeekTestProject;
		};
/* End PBXContainerItemProxy section */

/* Begin PBXFileReference section */
		0447E7A92306D96F00103EA4 /* SecondWeekTestProject.app */ = {isa = PBXFileReference; explicitFileType = wrapper.application; includeInIndex = 0; path = SecondWeekTestProject.app; sourceTree = BUILT_PRODUCTS_DIR; };
		0447E7AC2306D96F00103EA4 /* AppDelegate.swift */ = {isa = PBXFileReference; lastKnownFileType = sourcecode.swift; path = AppDelegate.swift; sourceTree = "<group>"; };
		0447E7AE2306D96F00103EA4 /* ViewController.swift */ = {isa = PBXFileReference; lastKnownFileType = sourcecode.swift; path = ViewController.swift; sourceTree = "<group>"; };
		0447E7B12306D96F00103EA4 /* Base */ = {isa = PBXFileReference; lastKnownFileType = file.storyboard; name = Base; path = Base.lproj/Main.storyboard; sourceTree = "<group>"; };
		0447E7B32306D97100103EA4 /* Assets.xcassets */ = {isa = PBXFileReference; lastKnownFileType = folder.assetcatalog; path = Assets.xcassets; sourceTree = "<group>"; };
		0447E7B62306D97100103EA4 /* Base */ = {isa = PBXFileReference; lastKnownFileType = file.storyboard; name = Base; path = Base.lproj/LaunchScreen.storyboard; sourceTree = "<group>"; };
		0447E7B82306D97100103EA4 /* Info.plist */ = {isa = PBXFileReference; lastKnownFileType = text.plist.xml; path = Info.plist; sourceTree = "<group>"; };
		0447E7BD2306D97100103EA4 /* SecondWeekTestProjectUITests.xctest */ = {isa = PBXFileReference; explicitFileType = wrapper.cfbundle; includeInIndex = 0; path = SecondWeekTestProjectUITests.xctest; sourceTree = BUILT_PRODUCTS_DIR; };
		0447E7C12306D97100103EA4 /* SecondWeekTestProjectUITests.swift */ = {isa = PBXFileReference; lastKnownFileType = sourcecode.swift; path = SecondWeekTestProjectUITests.swift; sourceTree = "<group>"; };
		0447E7C32306D97100103EA4 /* Info.plist */ = {isa = PBXFileReference; lastKnownFileType = text.plist.xml; path = Info.plist; sourceTree = "<group>"; };
		0447E7CC2306E01300103EA4 /* NextViewController.swift */ = {isa = PBXFileReference; lastKnownFileType = sourcecode.swift; path = NextViewController.swift; sourceTree = "<group>"; };
/* End PBXFileReference section */

/* Begin PBXFrameworksBuildPhase section */
		0447E7A62306D96F00103EA4 /* Frameworks */ = {
			isa = PBXFrameworksBuildPhase;
			buildActionMask = 2147483647;
			files = (
			);
			runOnlyForDeploymentPostprocessing = 0;
		};
		0447E7BA2306D97100103EA4 /* Frameworks */ = {
			isa = PBXFrameworksBuildPhase;
			buildActionMask = 2147483647;
			files = (
			);
			runOnlyForDeploymentPostprocessing = 0;
		};
/* End PBXFrameworksBuildPhase section */

/* Begin PBXGroup section */
		0447E7A02306D96F00103EA4 = {
			isa = PBXGroup;
			children = (
				0447E7AB2306D96F00103EA4 /* SecondWeekTestProject */,
				0447E7C02306D97100103EA4 /* SecondWeekTestProjectUITests */,
				0447E7AA2306D96F00103EA4 /* Products */,
			);
			sourceTree = "<group>";
		};
		0447E7AA2306D96F00103EA4 /* Products */ = {
			isa = PBXGroup;
			children = (
				0447E7A92306D96F00103EA4 /* SecondWeekTestProject.app */,
				0447E7BD2306D97100103EA4 /* SecondWeekTestProjectUITests.xctest */,
			);
			name = Products;
			sourceTree = "<group>";
		};
		0447E7AB2306D96F00103EA4 /* SecondWeekTestProject */ = {
			isa = PBXGroup;
			children = (
				0447E7AC2306D96F00103EA4 /* AppDelegate.swift */,
				0447E7AE2306D96F00103EA4 /* ViewController.swift */,
				0447E7CC2306E01300103EA4 /* NextViewController.swift */,
				0447E7B02306D96F00103EA4 /* Main.storyboard */,
				0447E7B32306D97100103EA4 /* Assets.xcassets */,
				0447E7B52306D97100103EA4 /* LaunchScreen.storyboard */,
				0447E7B82306D97100103EA4 /* Info.plist */,
			);
			path = SecondWeekTestProject;
			sourceTree = "<group>";
		};
		0447E7C02306D97100103EA4 /* SecondWeekTestProjectUITests */ = {
			isa = PBXGroup;
			children = (
				0447E7C12306D97100103EA4 /* SecondWeekTestProjectUITests.swift */,
				0447E7C32306D97100103EA4 /* Info.plist */,
			);
			path = SecondWeekTestProjectUITests;
			sourceTree = "<group>";
		};
/* End PBXGroup section */

/* Begin PBXNativeTarget section */
		0447E7A82306D96F00103EA4 /* SecondWeekTestProject */ = {
			isa = PBXNativeTarget;
			buildConfigurationList = 0447E7C62306D97100103EA4 /* Build configuration list for PBXNativeTarget "SecondWeekTestProject" */;
			buildPhases = (
				0447E7A52306D96F00103EA4 /* Sources */,
				0447E7A62306D96F00103EA4 /* Frameworks */,
				0447E7A72306D96F00103EA4 /* Resources */,
			);
			buildRules = (
			);
			dependencies = (
			);
			name = SecondWeekTestProject;
			productName = SecondWeekTestProject;
			productReference = 0447E7A92306D96F00103EA4 /* SecondWeekTestProject.app */;
			productType = "com.apple.product-type.application";
		};
		0447E7BC2306D97100103EA4 /* SecondWeekTestProjectUITests */ = {
			isa = PBXNativeTarget;
			buildConfigurationList = 0447E7C92306D97100103EA4 /* Build configuration list for PBXNativeTarget "SecondWeekTestProjectUITests" */;
			buildPhases = (
				0447E7B92306D97100103EA4 /* Sources */,
				0447E7BA2306D97100103EA4 /* Frameworks */,
				0447E7BB2306D97100103EA4 /* Resources */,
			);
			buildRules = (
			);
			dependencies = (
				0447E7BF2306D97100103EA4 /* PBXTargetDependency */,
			);
			name = SecondWeekTestProjectUITests;
			productName = SecondWeekTestProjectUITests;
			productReference = 0447E7BD2306D97100103EA4 /* SecondWeekTestProjectUITests.xctest */;
			productType = "com.apple.product-type.bundle.ui-testing";
		};
/* End PBXNativeTarget section */

/* Begin PBXProject section */
		0447E7A12306D96F00103EA4 /* Project object */ = {
			isa = PBXProject;
			attributes = {
				LastSwiftUpdateCheck = 1030;
				LastUpgradeCheck = 1030;
				ORGANIZATIONNAME = MCS;
				TargetAttributes = {
					0447E7A82306D96F00103EA4 = {
						CreatedOnToolsVersion = 10.3;
					};
					0447E7BC2306D97100103EA4 = {
						CreatedOnToolsVersion = 10.3;
						TestTargetID = 0447E7A82306D96F00103EA4;
					};
				};
			};
			buildConfigurationList = 0447E7A42306D96F00103EA4 /* Build configuration list for PBXProject "SecondWeekTestProject" */;
			compatibilityVersion = "Xcode 9.3";
			developmentRegion = en;
			hasScannedForEncodings = 0;
			knownRegions = (
				en,
				Base,
			);
			mainGroup = 0447E7A02306D96F00103EA4;
			productRefGroup = 0447E7AA2306D96F00103EA4 /* Products */;
			projectDirPath = "";
			projectRoot = "";
			targets = (
				0447E7A82306D96F00103EA4 /* SecondWeekTestProject */,
				0447E7BC2306D97100103EA4 /* SecondWeekTestProjectUITests */,
			);
		};
/* End PBXProject section */

/* Begin PBXResourcesBuildPhase section */
		0447E7A72306D96F00103EA4 /* Resources */ = {
			isa = PBXResourcesBuildPhase;
			buildActionMask = 2147483647;
			files = (
				0447E7B72306D97100103EA4 /* LaunchScreen.storyboard in Resources */,
				0447E7B42306D97100103EA4 /* Assets.xcassets in Resources */,
				0447E7B22306D96F00103EA4 /* Main.storyboard in Resources */,
			);
			runOnlyForDeploymentPostprocessing = 0;
		};
		0447E7BB2306D97100103EA4 /* Resources */ = {
			isa = PBXResourcesBuildPhase;
			buildActionMask = 2147483647;
			files = (
			);
			runOnlyForDeploymentPostprocessing = 0;
		};
/* End PBXResourcesBuildPhase section */

/* Begin PBXSourcesBuildPhase section */
		0447E7A52306D96F00103EA4 /* Sources */ = {
			isa = PBXSourcesBuildPhase;
			buildActionMask = 2147483647;
			files = (
				0447E7AF2306D96F00103EA4 /* ViewController.swift in Sources */,
				0447E7CD2306E01300103EA4 /* NextViewController.swift in Sources */,
				0447E7AD2306D96F00103EA4 /* AppDelegate.swift in Sources */,
			);
			runOnlyForDeploymentPostprocessing = 0;
		};
		0447E7B92306D97100103EA4 /* Sources */ = {
			isa = PBXSourcesBuildPhase;
			buildActionMask = 2147483647;
			files = (
				0447E7C22306D97100103EA4 /* SecondWeekTestProjectUITests.swift in Sources */,
			);
			runOnlyForDeploymentPostprocessing = 0;
		};
/* End PBXSourcesBuildPhase section */

/* Begin PBXTargetDependency section */
		0447E7BF2306D97100103EA4 /* PBXTargetDependency */ = {
			isa = PBXTargetDependency;
			target = 0447E7A82306D96F00103EA4 /* SecondWeekTestProject */;
			targetProxy = 0447E7BE2306D97100103EA4 /* PBXContainerItemProxy */;
		};
/* End PBXTargetDependency section */

/* Begin PBXVariantGroup section */
		0447E7B02306D96F00103EA4 /* Main.storyboard */ = {
			isa = PBXVariantGroup;
			children = (
				0447E7B12306D96F00103EA4 /* Base */,
			);
			name = Main.storyboard;
			sourceTree = "<group>";
		};
		0447E7B52306D97100103EA4 /* LaunchScreen.storyboard */ = {
			isa = PBXVariantGroup;
			children = (
				0447E7B62306D97100103EA4 /* Base */,
			);
			name = LaunchScreen.storyboard;
			sourceTree = "<group>";
		};
/* End PBXVariantGroup section */

/* Begin XCBuildConfiguration section */
		0447E7C42306D97100103EA4 /* Debug */ = {
			isa = XCBuildConfiguration;
			buildSettings = {
				ALWAYS_SEARCH_USER_PATHS = NO;
				CLANG_ANALYZER_NONNULL = YES;
				CLANG_ANALYZER_NUMBER_OBJECT_CONVERSION = YES_AGGRESSIVE;
				CLANG_CXX_LANGUAGE_STANDARD = "gnu++14";
				CLANG_CXX_LIBRARY = "libc++";
				CLANG_ENABLE_MODULES = YES;
				CLANG_ENABLE_OBJC_ARC = YES;
				CLANG_ENABLE_OBJC_WEAK = YES;
				CLANG_WARN_BLOCK_CAPTURE_AUTORELEASING = YES;
				CLANG_WARN_BOOL_CONVERSION = YES;
				CLANG_WARN_COMMA = YES;
				CLANG_WARN_CONSTANT_CONVERSION = YES;
				CLANG_WARN_DEPRECATED_OBJC_IMPLEMENTATIONS = YES;
				CLANG_WARN_DIRECT_OBJC_ISA_USAGE = YES_ERROR;
				CLANG_WARN_DOCUMENTATION_COMMENTS = YES;
				CLANG_WARN_EMPTY_BODY = YES;
				CLANG_WARN_ENUM_CONVERSION = YES;
				CLANG_WARN_INFINITE_RECURSION = YES;
				CLANG_WARN_INT_CONVERSION = YES;
				CLANG_WARN_NON_LITERAL_NULL_CONVERSION = YES;
				CLANG_WARN_OBJC_IMPLICIT_RETAIN_SELF = YES;
				CLANG_WARN_OBJC_LITERAL_CONVERSION = YES;
				CLANG_WARN_OBJC_ROOT_CLASS = YES_ERROR;
				CLANG_WARN_RANGE_LOOP_ANALYSIS = YES;
				CLANG_WARN_STRICT_PROTOTYPES = YES;
				CLANG_WARN_SUSPICIOUS_MOVE = YES;
				CLANG_WARN_UNGUARDED_AVAILABILITY = YES_AGGRESSIVE;
				CLANG_WARN_UNREACHABLE_CODE = YES;
				CLANG_WARN__DUPLICATE_METHOD_MATCH = YES;
				CODE_SIGN_IDENTITY = "iPhone Developer";
				COPY_PHASE_STRIP = NO;
				DEBUG_INFORMATION_FORMAT = dwarf;
				ENABLE_STRICT_OBJC_MSGSEND = YES;
				ENABLE_TESTABILITY = YES;
				GCC_C_LANGUAGE_STANDARD = gnu11;
				GCC_DYNAMIC_NO_PIC = NO;
				GCC_NO_COMMON_BLOCKS = YES;
				GCC_OPTIMIZATION_LEVEL = 0;
				GCC_PREPROCESSOR_DEFINITIONS = (
					"DEBUG=1",
					"$(inherited)",
				);
				GCC_WARN_64_TO_32_BIT_CONVERSION = YES;
				GCC_WARN_ABOUT_RETURN_TYPE = YES_ERROR;
				GCC_WARN_UNDECLARED_SELECTOR = YES;
				GCC_WARN_UNINITIALIZED_AUTOS = YES_AGGRESSIVE;
				GCC_WARN_UNUSED_FUNCTION = YES;
				GCC_WARN_UNUSED_VARIABLE = YES;
				IPHONEOS_DEPLOYMENT_TARGET = 12.4;
				MTL_ENABLE_DEBUG_INFO = INCLUDE_SOURCE;
				MTL_FAST_MATH = YES;
				ONLY_ACTIVE_ARCH = YES;
				SDKROOT = iphoneos;
				SWIFT_ACTIVE_COMPILATION_CONDITIONS = DEBUG;
				SWIFT_OPTIMIZATION_LEVEL = "-Onone";
			};
			name = Debug;
		};
		0447E7C52306D97100103EA4 /* Release */ = {
			isa = XCBuildConfiguration;
			buildSettings = {
				ALWAYS_SEARCH_USER_PATHS = NO;
				CLANG_ANALYZER_NONNULL = YES;
				CLANG_ANALYZER_NUMBER_OBJECT_CONVERSION = YES_AGGRESSIVE;
				CLANG_CXX_LANGUAGE_STANDARD = "gnu++14";
				CLANG_CXX_LIBRARY = "libc++";
				CLANG_ENABLE_MODULES = YES;
				CLANG_ENABLE_OBJC_ARC = YES;
				CLANG_ENABLE_OBJC_WEAK = YES;
				CLANG_WARN_BLOCK_CAPTURE_AUTORELEASING = YES;
				CLANG_WARN_BOOL_CONVERSION = YES;
				CLANG_WARN_COMMA = YES;
				CLANG_WARN_CONSTANT_CONVERSION = YES;
				CLANG_WARN_DEPRECATED_OBJC_IMPLEMENTATIONS = YES;
				CLANG_WARN_DIRECT_OBJC_ISA_USAGE = YES_ERROR;
				CLANG_WARN_DOCUMENTATION_COMMENTS = YES;
				CLANG_WARN_EMPTY_BODY = YES;
				CLANG_WARN_ENUM_CONVERSION = YES;
				CLANG_WARN_INFINITE_RECURSION = YES;
				CLANG_WARN_INT_CONVERSION = YES;
				CLANG_WARN_NON_LITERAL_NULL_CONVERSION = YES;
				CLANG_WARN_OBJC_IMPLICIT_RETAIN_SELF = YES;
				CLANG_WARN_OBJC_LITERAL_CONVERSION = YES;
				CLANG_WARN_OBJC_ROOT_CLASS = YES_ERROR;
				CLANG_WARN_RANGE_LOOP_ANALYSIS = YES;
				CLANG_WARN_STRICT_PROTOTYPES = YES;
				CLANG_WARN_SUSPICIOUS_MOVE = YES;
				CLANG_WARN_UNGUARDED_AVAILABILITY = YES_AGGRESSIVE;
				CLANG_WARN_UNREACHABLE_CODE = YES;
				CLANG_WARN__DUPLICATE_METHOD_MATCH = YES;
				CODE_SIGN_IDENTITY = "iPhone Developer";
				COPY_PHASE_STRIP = NO;
				DEBUG_INFORMATION_FORMAT = "dwarf-with-dsym";
				ENABLE_NS_ASSERTIONS = NO;
				ENABLE_STRICT_OBJC_MSGSEND = YES;
				GCC_C_LANGUAGE_STANDARD = gnu11;
				GCC_NO_COMMON_BLOCKS = YES;
				GCC_WARN_64_TO_32_BIT_CONVERSION = YES;
				GCC_WARN_ABOUT_RETURN_TYPE = YES_ERROR;
				GCC_WARN_UNDECLARED_SELECTOR = YES;
				GCC_WARN_UNINITIALIZED_AUTOS = YES_AGGRESSIVE;
				GCC_WARN_UNUSED_FUNCTION = YES;
				GCC_WARN_UNUSED_VARIABLE = YES;
				IPHONEOS_DEPLOYMENT_TARGET = 12.4;
				MTL_ENABLE_DEBUG_INFO = NO;
				MTL_FAST_MATH = YES;
				SDKROOT = iphoneos;
				SWIFT_COMPILATION_MODE = wholemodule;
				SWIFT_OPTIMIZATION_LEVEL = "-O";
				VALIDATE_PRODUCT = YES;
			};
			name = Release;
		};
		0447E7C72306D97100103EA4 /* Debug */ = {
			isa = XCBuildConfiguration;
			buildSettings = {
				ASSETCATALOG_COMPILER_APPICON_NAME = AppIcon;
				CODE_SIGN_STYLE = Automatic;
				INFOPLIST_FILE = SecondWeekTestProject/Info.plist;
				LD_RUNPATH_SEARCH_PATHS = (
					"$(inherited)",
					"@executable_path/Frameworks",
				);
				PRODUCT_BUNDLE_IDENTIFIER = Introduction.SecondWeekTestProject;
				PRODUCT_NAME = "$(TARGET_NAME)";
				SWIFT_VERSION = 5.0;
				TARGETED_DEVICE_FAMILY = "1,2";
			};
			name = Debug;
		};
		0447E7C82306D97100103EA4 /* Release */ = {
			isa = XCBuildConfiguration;
			buildSettings = {
				ASSETCATALOG_COMPILER_APPICON_NAME = AppIcon;
				CODE_SIGN_STYLE = Automatic;
				INFOPLIST_FILE = SecondWeekTestProject/Info.plist;
				LD_RUNPATH_SEARCH_PATHS = (
					"$(inherited)",
					"@executable_path/Frameworks",
				);
				PRODUCT_BUNDLE_IDENTIFIER = Introduction.SecondWeekTestProject;
				PRODUCT_NAME = "$(TARGET_NAME)";
				SWIFT_VERSION = 5.0;
				TARGETED_DEVICE_FAMILY = "1,2";
			};
			name = Release;
		};
		0447E7CA2306D97100103EA4 /* Debug */ = {
			isa = XCBuildConfiguration;
			buildSettings = {
				ALWAYS_EMBED_SWIFT_STANDARD_LIBRARIES = YES;
				CODE_SIGN_STYLE = Automatic;
				INFOPLIST_FILE = SecondWeekTestProjectUITests/Info.plist;
				LD_RUNPATH_SEARCH_PATHS = (
					"$(inherited)",
					"@executable_path/Frameworks",
					"@loader_path/Frameworks",
				);
				PRODUCT_BUNDLE_IDENTIFIER = Introduction.SecondWeekTestProjectUITests;
				PRODUCT_NAME = "$(TARGET_NAME)";
				SWIFT_VERSION = 5.0;
				TARGETED_DEVICE_FAMILY = "1,2";
				TEST_TARGET_NAME = SecondWeekTestProject;
			};
			name = Debug;
		};
		0447E7CB2306D97100103EA4 /* Release */ = {
			isa = XCBuildConfiguration;
			buildSettings = {
				ALWAYS_EMBED_SWIFT_STANDARD_LIBRARIES = YES;
				CODE_SIGN_STYLE = Automatic;
				INFOPLIST_FILE = SecondWeekTestProjectUITests/Info.plist;
				LD_RUNPATH_SEARCH_PATHS = (
					"$(inherited)",
					"@executable_path/Frameworks",
					"@loader_path/Frameworks",
				);
				PRODUCT_BUNDLE_IDENTIFIER = Introduction.SecondWeekTestProjectUITests;
				PRODUCT_NAME = "$(TARGET_NAME)";
				SWIFT_VERSION = 5.0;
				TARGETED_DEVICE_FAMILY = "1,2";
				TEST_TARGET_NAME = SecondWeekTestProject;
			};
			name = Release;
		};
/* End XCBuildConfiguration section */

/* Begin XCConfigurationList section */
		0447E7A42306D96F00103EA4 /* Build configuration list for PBXProject "SecondWeekTestProject" */ = {
			isa = XCConfigurationList;
			buildConfigurations = (
				0447E7C42306D97100103EA4 /* Debug */,
				0447E7C52306D97100103EA4 /* Release */,
			);
			defaultConfigurationIsVisible = 0;
			defaultConfigurationName = Release;
		};
		0447E7C62306D97100103EA4 /* Build configuration list for PBXNativeTarget "SecondWeekTestProject" */ = {
			isa = XCConfigurationList;
			buildConfigurations = (
				0447E7C72306D97100103EA4 /* Debug */,
				0447E7C82306D97100103EA4 /* Release */,
			);
			defaultConfigurationIsVisible = 0;
			defaultConfigurationName = Release;
		};
		0447E7C92306D97100103EA4 /* Build configuration list for PBXNativeTarget "SecondWeekTestProjectUITests" */ = {
			isa = XCConfigurationList;
			buildConfigurations = (
				0447E7CA2306D97100103EA4 /* Debug */,
				0447E7CB2306D97100103EA4 /* Release */,
			);
			defaultConfigurationIsVisible = 0;
			defaultConfigurationName = Release;
		};
/* End XCConfigurationList section */
	};
	rootObject = 0447E7A12306D96F00103EA4 /* Project object */;
}
