// !$*UTF8*$!
{
	archiveVersion = 1;
	classes = {
	};
	objectVersion = 50;
	objects = {

/* Begin PBXBuildFile section */
		045048F4230ACC3400F5D933 /* AppDelegate.swift in Sources */ = {isa = PBXBuildFile; fileRef = 045048F3230ACC3400F5D933 /* AppDelegate.swift */; };
		045048F6230ACC3400F5D933 /* ViewController.swift in Sources */ = {isa = PBXBuildFile; fileRef = 045048F5230ACC3400F5D933 /* ViewController.swift */; };
		045048F9230ACC3400F5D933 /* Main.storyboard in Resources */ = {isa = PBXBuildFile; fileRef = 045048F7230ACC3400F5D933 /* Main.storyboard */; };
		045048FB230ACC3600F5D933 /* Assets.xcassets in Resources */ = {isa = PBXBuildFile; fileRef = 045048FA230ACC3600F5D933 /* Assets.xcassets */; };
		045048FE230ACC3600F5D933 /* LaunchScreen.storyboard in Resources */ = {isa = PBXBuildFile; fileRef = 045048FC230ACC3600F5D933 /* LaunchScreen.storyboard */; };
		04504909230ACC3600F5D933 /* APICrawlerUITests.swift in Sources */ = {isa = PBXBuildFile; fileRef = 04504908230ACC3600F5D933 /* APICrawlerUITests.swift */; };
/* End PBXBuildFile section */

/* Begin PBXContainerItemProxy section */
		04504905230ACC3600F5D933 /* PBXContainerItemProxy */ = {
			isa = PBXContainerItemProxy;
			containerPortal = 045048E8230ACC3400F5D933 /* Project object */;
			proxyType = 1;
			remoteGlobalIDString = 045048EF230ACC3400F5D933;
			remoteInfo = APICrawler;
		};
/* End PBXContainerItemProxy section */

/* Begin PBXFileReference section */
		045048F0230ACC3400F5D933 /* APICrawler.app */ = {isa = PBXFileReference; explicitFileType = wrapper.application; includeInIndex = 0; path = APICrawler.app; sourceTree = BUILT_PRODUCTS_DIR; };
		045048F3230ACC3400F5D933 /* AppDelegate.swift */ = {isa = PBXFileReference; lastKnownFileType = sourcecode.swift; path = AppDelegate.swift; sourceTree = "<group>"; };
		045048F5230ACC3400F5D933 /* ViewController.swift */ = {isa = PBXFileReference; lastKnownFileType = sourcecode.swift; path = ViewController.swift; sourceTree = "<group>"; };
		045048F8230ACC3400F5D933 /* Base */ = {isa = PBXFileReference; lastKnownFileType = file.storyboard; name = Base; path = Base.lproj/Main.storyboard; sourceTree = "<group>"; };
		045048FA230ACC3600F5D933 /* Assets.xcassets */ = {isa = PBXFileReference; lastKnownFileType = folder.assetcatalog; path = Assets.xcassets; sourceTree = "<group>"; };
		045048FD230ACC3600F5D933 /* Base */ = {isa = PBXFileReference; lastKnownFileType = file.storyboard; name = Base; path = Base.lproj/LaunchScreen.storyboard; sourceTree = "<group>"; };
		045048FF230ACC3600F5D933 /* Info.plist */ = {isa = PBXFileReference; lastKnownFileType = text.plist.xml; path = Info.plist; sourceTree = "<group>"; };
		04504904230ACC3600F5D933 /* APICrawlerUITests.xctest */ = {isa = PBXFileReference; explicitFileType = wrapper.cfbundle; includeInIndex = 0; path = APICrawlerUITests.xctest; sourceTree = BUILT_PRODUCTS_DIR; };
		04504908230ACC3600F5D933 /* APICrawlerUITests.swift */ = {isa = PBXFileReference; lastKnownFileType = sourcecode.swift; path = APICrawlerUITests.swift; sourceTree = "<group>"; };
		0450490A230ACC3600F5D933 /* Info.plist */ = {isa = PBXFileReference; lastKnownFileType = text.plist.xml; path = Info.plist; sourceTree = "<group>"; };
/* End PBXFileReference section */

/* Begin PBXFrameworksBuildPhase section */
		045048ED230ACC3400F5D933 /* Frameworks */ = {
			isa = PBXFrameworksBuildPhase;
			buildActionMask = 2147483647;
			files = (
			);
			runOnlyForDeploymentPostprocessing = 0;
		};
		04504901230ACC3600F5D933 /* Frameworks */ = {
			isa = PBXFrameworksBuildPhase;
			buildActionMask = 2147483647;
			files = (
			);
			runOnlyForDeploymentPostprocessing = 0;
		};
/* End PBXFrameworksBuildPhase section */

/* Begin PBXGroup section */
		045048E7230ACC3400F5D933 = {
			isa = PBXGroup;
			children = (
				045048F2230ACC3400F5D933 /* APICrawler */,
				04504907230ACC3600F5D933 /* APICrawlerUITests */,
				045048F1230ACC3400F5D933 /* Products */,
			);
			sourceTree = "<group>";
		};
		045048F1230ACC3400F5D933 /* Products */ = {
			isa = PBXGroup;
			children = (
				045048F0230ACC3400F5D933 /* APICrawler.app */,
				04504904230ACC3600F5D933 /* APICrawlerUITests.xctest */,
			);
			name = Products;
			sourceTree = "<group>";
		};
		045048F2230ACC3400F5D933 /* APICrawler */ = {
			isa = PBXGroup;
			children = (
				045048F3230ACC3400F5D933 /* AppDelegate.swift */,
				045048F5230ACC3400F5D933 /* ViewController.swift */,
				045048F7230ACC3400F5D933 /* Main.storyboard */,
				045048FA230ACC3600F5D933 /* Assets.xcassets */,
				045048FC230ACC3600F5D933 /* LaunchScreen.storyboard */,
				045048FF230ACC3600F5D933 /* Info.plist */,
			);
			path = APICrawler;
			sourceTree = "<group>";
		};
		04504907230ACC3600F5D933 /* APICrawlerUITests */ = {
			isa = PBXGroup;
			children = (
				04504908230ACC3600F5D933 /* APICrawlerUITests.swift */,
				0450490A230ACC3600F5D933 /* Info.plist */,
			);
			path = APICrawlerUITests;
			sourceTree = "<group>";
		};
/* End PBXGroup section */

/* Begin PBXNativeTarget section */
		045048EF230ACC3400F5D933 /* APICrawler */ = {
			isa = PBXNativeTarget;
			buildConfigurationList = 0450490D230ACC3600F5D933 /* Build configuration list for PBXNativeTarget "APICrawler" */;
			buildPhases = (
				045048EC230ACC3400F5D933 /* Sources */,
				045048ED230ACC3400F5D933 /* Frameworks */,
				045048EE230ACC3400F5D933 /* Resources */,
			);
			buildRules = (
			);
			dependencies = (
			);
			name = APICrawler;
			productName = APICrawler;
			productReference = 045048F0230ACC3400F5D933 /* APICrawler.app */;
			productType = "com.apple.product-type.application";
		};
		04504903230ACC3600F5D933 /* APICrawlerUITests */ = {
			isa = PBXNativeTarget;
			buildConfigurationList = 04504910230ACC3600F5D933 /* Build configuration list for PBXNativeTarget "APICrawlerUITests" */;
			buildPhases = (
				04504900230ACC3600F5D933 /* Sources */,
				04504901230ACC3600F5D933 /* Frameworks */,
				04504902230ACC3600F5D933 /* Resources */,
			);
			buildRules = (
			);
			dependencies = (
				04504906230ACC3600F5D933 /* PBXTargetDependency */,
			);
			name = APICrawlerUITests;
			productName = APICrawlerUITests;
			productReference = 04504904230ACC3600F5D933 /* APICrawlerUITests.xctest */;
			productType = "com.apple.product-type.bundle.ui-testing";
		};
/* End PBXNativeTarget section */

/* Begin PBXProject section */
		045048E8230ACC3400F5D933 /* Project object */ = {
			isa = PBXProject;
			attributes = {
				LastSwiftUpdateCheck = 1030;
				LastUpgradeCheck = 1030;
				ORGANIZATIONNAME = MCS;
				TargetAttributes = {
					045048EF230ACC3400F5D933 = {
						CreatedOnToolsVersion = 10.3;
					};
					04504903230ACC3600F5D933 = {
						CreatedOnToolsVersion = 10.3;
						TestTargetID = 045048EF230ACC3400F5D933;
					};
				};
			};
			buildConfigurationList = 045048EB230ACC3400F5D933 /* Build configuration list for PBXProject "APICrawler" */;
			compatibilityVersion = "Xcode 9.3";
			developmentRegion = en;
			hasScannedForEncodings = 0;
			knownRegions = (
				en,
				Base,
			);
			mainGroup = 045048E7230ACC3400F5D933;
			productRefGroup = 045048F1230ACC3400F5D933 /* Products */;
			projectDirPath = "";
			projectRoot = "";
			targets = (
				045048EF230ACC3400F5D933 /* APICrawler */,
				04504903230ACC3600F5D933 /* APICrawlerUITests */,
			);
		};
/* End PBXProject section */

/* Begin PBXResourcesBuildPhase section */
		045048EE230ACC3400F5D933 /* Resources */ = {
			isa = PBXResourcesBuildPhase;
			buildActionMask = 2147483647;
			files = (
				045048FE230ACC3600F5D933 /* LaunchScreen.storyboard in Resources */,
				045048FB230ACC3600F5D933 /* Assets.xcassets in Resources */,
				045048F9230ACC3400F5D933 /* Main.storyboard in Resources */,
			);
			runOnlyForDeploymentPostprocessing = 0;
		};
		04504902230ACC3600F5D933 /* Resources */ = {
			isa = PBXResourcesBuildPhase;
			buildActionMask = 2147483647;
			files = (
			);
			runOnlyForDeploymentPostprocessing = 0;
		};
/* End PBXResourcesBuildPhase section */

/* Begin PBXSourcesBuildPhase section */
		045048EC230ACC3400F5D933 /* Sources */ = {
			isa = PBXSourcesBuildPhase;
			buildActionMask = 2147483647;
			files = (
				045048F6230ACC3400F5D933 /* ViewController.swift in Sources */,
				045048F4230ACC3400F5D933 /* AppDelegate.swift in Sources */,
			);
			runOnlyForDeploymentPostprocessing = 0;
		};
		04504900230ACC3600F5D933 /* Sources */ = {
			isa = PBXSourcesBuildPhase;
			buildActionMask = 2147483647;
			files = (
				04504909230ACC3600F5D933 /* APICrawlerUITests.swift in Sources */,
			);
			runOnlyForDeploymentPostprocessing = 0;
		};
/* End PBXSourcesBuildPhase section */

/* Begin PBXTargetDependency section */
		04504906230ACC3600F5D933 /* PBXTargetDependency */ = {
			isa = PBXTargetDependency;
			target = 045048EF230ACC3400F5D933 /* APICrawler */;
			targetProxy = 04504905230ACC3600F5D933 /* PBXContainerItemProxy */;
		};
/* End PBXTargetDependency section */

/* Begin PBXVariantGroup section */
		045048F7230ACC3400F5D933 /* Main.storyboard */ = {
			isa = PBXVariantGroup;
			children = (
				045048F8230ACC3400F5D933 /* Base */,
			);
			name = Main.storyboard;
			sourceTree = "<group>";
		};
		045048FC230ACC3600F5D933 /* LaunchScreen.storyboard */ = {
			isa = PBXVariantGroup;
			children = (
				045048FD230ACC3600F5D933 /* Base */,
			);
			name = LaunchScreen.storyboard;
			sourceTree = "<group>";
		};
/* End PBXVariantGroup section */

/* Begin XCBuildConfiguration section */
		0450490B230ACC3600F5D933 /* Debug */ = {
			isa = XCBuildConfiguration;
			buildSettings = {
				ALWAYS_SEARCH_USER_PATHS = NO;
				CLANG_ANALYZER_NONNULL = YES;
				CLANG_ANALYZER_NUMBER_OBJECT_CONVERSION = YES_AGGRESSIVE;
				CLANG_CXX_LANGUAGE_STANDARD = "gnu++14";
				CLANG_CXX_LIBRARY = "libc++";
				CLANG_ENABLE_MODULES = YES;
				CLANG_ENABLE_OBJC_ARC = YES;
				CLANG_ENABLE_OBJC_WEAK = YES;
				CLANG_WARN_BLOCK_CAPTURE_AUTORELEASING = YES;
				CLANG_WARN_BOOL_CONVERSION = YES;
				CLANG_WARN_COMMA = YES;
				CLANG_WARN_CONSTANT_CONVERSION = YES;
				CLANG_WARN_DEPRECATED_OBJC_IMPLEMENTATIONS = YES;
				CLANG_WARN_DIRECT_OBJC_ISA_USAGE = YES_ERROR;
				CLANG_WARN_DOCUMENTATION_COMMENTS = YES;
				CLANG_WARN_EMPTY_BODY = YES;
				CLANG_WARN_ENUM_CONVERSION = YES;
				CLANG_WARN_INFINITE_RECURSION = YES;
				CLANG_WARN_INT_CONVERSION = YES;
				CLANG_WARN_NON_LITERAL_NULL_CONVERSION = YES;
				CLANG_WARN_OBJC_IMPLICIT_RETAIN_SELF = YES;
				CLANG_WARN_OBJC_LITERAL_CONVERSION = YES;
				CLANG_WARN_OBJC_ROOT_CLASS = YES_ERROR;
				CLANG_WARN_RANGE_LOOP_ANALYSIS = YES;
				CLANG_WARN_STRICT_PROTOTYPES = YES;
				CLANG_WARN_SUSPICIOUS_MOVE = YES;
				CLANG_WARN_UNGUARDED_AVAILABILITY = YES_AGGRESSIVE;
				CLANG_WARN_UNREACHABLE_CODE = YES;
				CLANG_WARN__DUPLICATE_METHOD_MATCH = YES;
				CODE_SIGN_IDENTITY = "iPhone Developer";
				COPY_PHASE_STRIP = NO;
				DEBUG_INFORMATION_FORMAT = dwarf;
				ENABLE_STRICT_OBJC_MSGSEND = YES;
				ENABLE_TESTABILITY = YES;
				GCC_C_LANGUAGE_STANDARD = gnu11;
				GCC_DYNAMIC_NO_PIC = NO;
				GCC_NO_COMMON_BLOCKS = YES;
				GCC_OPTIMIZATION_LEVEL = 0;
				GCC_PREPROCESSOR_DEFINITIONS = (
					"DEBUG=1",
					"$(inherited)",
				);
				GCC_WARN_64_TO_32_BIT_CONVERSION = YES;
				GCC_WARN_ABOUT_RETURN_TYPE = YES_ERROR;
				GCC_WARN_UNDECLARED_SELECTOR = YES;
				GCC_WARN_UNINITIALIZED_AUTOS = YES_AGGRESSIVE;
				GCC_WARN_UNUSED_FUNCTION = YES;
				GCC_WARN_UNUSED_VARIABLE = YES;
				IPHONEOS_DEPLOYMENT_TARGET = 12.4;
				MTL_ENABLE_DEBUG_INFO = INCLUDE_SOURCE;
				MTL_FAST_MATH = YES;
				ONLY_ACTIVE_ARCH = YES;
				SDKROOT = iphoneos;
				SWIFT_ACTIVE_COMPILATION_CONDITIONS = DEBUG;
				SWIFT_OPTIMIZATION_LEVEL = "-Onone";
			};
			name = Debug;
		};
		0450490C230ACC3600F5D933 /* Release */ = {
			isa = XCBuildConfiguration;
			buildSettings = {
				ALWAYS_SEARCH_USER_PATHS = NO;
				CLANG_ANALYZER_NONNULL = YES;
				CLANG_ANALYZER_NUMBER_OBJECT_CONVERSION = YES_AGGRESSIVE;
				CLANG_CXX_LANGUAGE_STANDARD = "gnu++14";
				CLANG_CXX_LIBRARY = "libc++";
				CLANG_ENABLE_MODULES = YES;
				CLANG_ENABLE_OBJC_ARC = YES;
				CLANG_ENABLE_OBJC_WEAK = YES;
				CLANG_WARN_BLOCK_CAPTURE_AUTORELEASING = YES;
				CLANG_WARN_BOOL_CONVERSION = YES;
				CLANG_WARN_COMMA = YES;
				CLANG_WARN_CONSTANT_CONVERSION = YES;
				CLANG_WARN_DEPRECATED_OBJC_IMPLEMENTATIONS = YES;
				CLANG_WARN_DIRECT_OBJC_ISA_USAGE = YES_ERROR;
				CLANG_WARN_DOCUMENTATION_COMMENTS = YES;
				CLANG_WARN_EMPTY_BODY = YES;
				CLANG_WARN_ENUM_CONVERSION = YES;
				CLANG_WARN_INFINITE_RECURSION = YES;
				CLANG_WARN_INT_CONVERSION = YES;
				CLANG_WARN_NON_LITERAL_NULL_CONVERSION = YES;
				CLANG_WARN_OBJC_IMPLICIT_RETAIN_SELF = YES;
				CLANG_WARN_OBJC_LITERAL_CONVERSION = YES;
				CLANG_WARN_OBJC_ROOT_CLASS = YES_ERROR;
				CLANG_WARN_RANGE_LOOP_ANALYSIS = YES;
				CLANG_WARN_STRICT_PROTOTYPES = YES;
				CLANG_WARN_SUSPICIOUS_MOVE = YES;
				CLANG_WARN_UNGUARDED_AVAILABILITY = YES_AGGRESSIVE;
				CLANG_WARN_UNREACHABLE_CODE = YES;
				CLANG_WARN__DUPLICATE_METHOD_MATCH = YES;
				CODE_SIGN_IDENTITY = "iPhone Developer";
				COPY_PHASE_STRIP = NO;
				DEBUG_INFORMATION_FORMAT = "dwarf-with-dsym";
				ENABLE_NS_ASSERTIONS = NO;
				ENABLE_STRICT_OBJC_MSGSEND = YES;
				GCC_C_LANGUAGE_STANDARD = gnu11;
				GCC_NO_COMMON_BLOCKS = YES;
				GCC_WARN_64_TO_32_BIT_CONVERSION = YES;
				GCC_WARN_ABOUT_RETURN_TYPE = YES_ERROR;
				GCC_WARN_UNDECLARED_SELECTOR = YES;
				GCC_WARN_UNINITIALIZED_AUTOS = YES_AGGRESSIVE;
				GCC_WARN_UNUSED_FUNCTION = YES;
				GCC_WARN_UNUSED_VARIABLE = YES;
				IPHONEOS_DEPLOYMENT_TARGET = 12.4;
				MTL_ENABLE_DEBUG_INFO = NO;
				MTL_FAST_MATH = YES;
				SDKROOT = iphoneos;
				SWIFT_COMPILATION_MODE = wholemodule;
				SWIFT_OPTIMIZATION_LEVEL = "-O";
				VALIDATE_PRODUCT = YES;
			};
			name = Release;
		};
		0450490E230ACC3600F5D933 /* Debug */ = {
			isa = XCBuildConfiguration;
			buildSettings = {
				ASSETCATALOG_COMPILER_APPICON_NAME = AppIcon;
				CODE_SIGN_STYLE = Automatic;
				INFOPLIST_FILE = APICrawler/Info.plist;
				LD_RUNPATH_SEARCH_PATHS = (
					"$(inherited)",
					"@executable_path/Frameworks",
				);
				PRODUCT_BUNDLE_IDENTIFIER = Introduction.APICrawler;
				PRODUCT_NAME = "$(TARGET_NAME)";
				SWIFT_VERSION = 5.0;
				TARGETED_DEVICE_FAMILY = "1,2";
			};
			name = Debug;
		};
		0450490F230ACC3600F5D933 /* Release */ = {
			isa = XCBuildConfiguration;
			buildSettings = {
				ASSETCATALOG_COMPILER_APPICON_NAME = AppIcon;
				CODE_SIGN_STYLE = Automatic;
				INFOPLIST_FILE = APICrawler/Info.plist;
				LD_RUNPATH_SEARCH_PATHS = (
					"$(inherited)",
					"@executable_path/Frameworks",
				);
				PRODUCT_BUNDLE_IDENTIFIER = Introduction.APICrawler;
				PRODUCT_NAME = "$(TARGET_NAME)";
				SWIFT_VERSION = 5.0;
				TARGETED_DEVICE_FAMILY = "1,2";
			};
			name = Release;
		};
		04504911230ACC3600F5D933 /* Debug */ = {
			isa = XCBuildConfiguration;
			buildSettings = {
				ALWAYS_EMBED_SWIFT_STANDARD_LIBRARIES = YES;
				CODE_SIGN_STYLE = Automatic;
				INFOPLIST_FILE = APICrawlerUITests/Info.plist;
				LD_RUNPATH_SEARCH_PATHS = (
					"$(inherited)",
					"@executable_path/Frameworks",
					"@loader_path/Frameworks",
				);
				PRODUCT_BUNDLE_IDENTIFIER = Introduction.APICrawlerUITests;
				PRODUCT_NAME = "$(TARGET_NAME)";
				SWIFT_VERSION = 5.0;
				TARGETED_DEVICE_FAMILY = "1,2";
				TEST_TARGET_NAME = APICrawler;
			};
			name = Debug;
		};
		04504912230ACC3600F5D933 /* Release */ = {
			isa = XCBuildConfiguration;
			buildSettings = {
				ALWAYS_EMBED_SWIFT_STANDARD_LIBRARIES = YES;
				CODE_SIGN_STYLE = Automatic;
				INFOPLIST_FILE = APICrawlerUITests/Info.plist;
				LD_RUNPATH_SEARCH_PATHS = (
					"$(inherited)",
					"@executable_path/Frameworks",
					"@loader_path/Frameworks",
				);
				PRODUCT_BUNDLE_IDENTIFIER = Introduction.APICrawlerUITests;
				PRODUCT_NAME = "$(TARGET_NAME)";
				SWIFT_VERSION = 5.0;
				TARGETED_DEVICE_FAMILY = "1,2";
				TEST_TARGET_NAME = APICrawler;
			};
			name = Release;
		};
/* End XCBuildConfiguration section */

/* Begin XCConfigurationList section */
		045048EB230ACC3400F5D933 /* Build configuration list for PBXProject "APICrawler" */ = {
			isa = XCConfigurationList;
			buildConfigurations = (
				0450490B230ACC3600F5D933 /* Debug */,
				0450490C230ACC3600F5D933 /* Release */,
			);
			defaultConfigurationIsVisible = 0;
			defaultConfigurationName = Release;
		};
		0450490D230ACC3600F5D933 /* Build configuration list for PBXNativeTarget "APICrawler" */ = {
			isa = XCConfigurationList;
			buildConfigurations = (
				0450490E230ACC3600F5D933 /* Debug */,
				0450490F230ACC3600F5D933 /* Release */,
			);
			defaultConfigurationIsVisible = 0;
			defaultConfigurationName = Release;
		};
		04504910230ACC3600F5D933 /* Build configuration list for PBXNativeTarget "APICrawlerUITests" */ = {
			isa = XCConfigurationList;
			buildConfigurations = (
				04504911230ACC3600F5D933 /* Debug */,
				04504912230ACC3600F5D933 /* Release */,
			);
			defaultConfigurationIsVisible = 0;
			defaultConfigurationName = Release;
		};
/* End XCConfigurationList section */
	};
	rootObject = 045048E8230ACC3400F5D933 /* Project object */;
}
