// !$*UTF8*$!
{
	archiveVersion = 1;
	classes = {
	};
	objectVersion = 50;
	objects = {

/* Begin PBXBuildFile section */
		043C47E223B505A10086DE2C /* AppDelegate.swift in Sources */ = {isa = PBXBuildFile; fileRef = 043C47E123B505A10086DE2C /* AppDelegate.swift */; };
		043C47E423B505A10086DE2C /* SceneDelegate.swift in Sources */ = {isa = PBXBuildFile; fileRef = 043C47E323B505A10086DE2C /* SceneDelegate.swift */; };
		043C47E623B505A10086DE2C /* ViewController.swift in Sources */ = {isa = PBXBuildFile; fileRef = 043C47E523B505A10086DE2C /* ViewController.swift */; };
		043C47E923B505A10086DE2C /* Main.storyboard in Resources */ = {isa = PBXBuildFile; fileRef = 043C47E723B505A10086DE2C /* Main.storyboard */; };
		043C47EB23B505A80086DE2C /* Assets.xcassets in Resources */ = {isa = PBXBuildFile; fileRef = 043C47EA23B505A80086DE2C /* Assets.xcassets */; };
		043C47EE23B505A80086DE2C /* LaunchScreen.storyboard in Resources */ = {isa = PBXBuildFile; fileRef = 043C47EC23B505A80086DE2C /* LaunchScreen.storyboard */; };
		043C47F923B505A80086DE2C /* SecretHitlerBoardGameUITests.swift in Sources */ = {isa = PBXBuildFile; fileRef = 043C47F823B505A80086DE2C /* SecretHitlerBoardGameUITests.swift */; };
		043C480423B509970086DE2C /* DetailViewController.swift in Sources */ = {isa = PBXBuildFile; fileRef = 043C480323B509970086DE2C /* DetailViewController.swift */; };
		043C480623BE4F8B0086DE2C /* SecretHitlerModel.swift in Sources */ = {isa = PBXBuildFile; fileRef = 043C480523BE4F8B0086DE2C /* SecretHitlerModel.swift */; };
		0454A66523BE5BBF0008EB52 /* ViewModel.swift in Sources */ = {isa = PBXBuildFile; fileRef = 0454A66423BE5BBF0008EB52 /* ViewModel.swift */; };
		0454A66723C4259A0008EB52 /* PlayerViewModel.swift in Sources */ = {isa = PBXBuildFile; fileRef = 0454A66623C4259A0008EB52 /* PlayerViewModel.swift */; };
/* End PBXBuildFile section */

/* Begin PBXContainerItemProxy section */
		043C47F523B505A80086DE2C /* PBXContainerItemProxy */ = {
			isa = PBXContainerItemProxy;
			containerPortal = 043C47D623B505A10086DE2C /* Project object */;
			proxyType = 1;
			remoteGlobalIDString = 043C47DD23B505A10086DE2C;
			remoteInfo = SecretHitlerBoardGame;
		};
/* End PBXContainerItemProxy section */

/* Begin PBXFileReference section */
		043C47DE23B505A10086DE2C /* SecretHitlerBoardGame.app */ = {isa = PBXFileReference; explicitFileType = wrapper.application; includeInIndex = 0; path = SecretHitlerBoardGame.app; sourceTree = BUILT_PRODUCTS_DIR; };
		043C47E123B505A10086DE2C /* AppDelegate.swift */ = {isa = PBXFileReference; lastKnownFileType = sourcecode.swift; path = AppDelegate.swift; sourceTree = "<group>"; };
		043C47E323B505A10086DE2C /* SceneDelegate.swift */ = {isa = PBXFileReference; lastKnownFileType = sourcecode.swift; path = SceneDelegate.swift; sourceTree = "<group>"; };
		043C47E523B505A10086DE2C /* ViewController.swift */ = {isa = PBXFileReference; lastKnownFileType = sourcecode.swift; path = ViewController.swift; sourceTree = "<group>"; };
		043C47E823B505A10086DE2C /* Base */ = {isa = PBXFileReference; lastKnownFileType = file.storyboard; name = Base; path = Base.lproj/Main.storyboard; sourceTree = "<group>"; };
		043C47EA23B505A80086DE2C /* Assets.xcassets */ = {isa = PBXFileReference; lastKnownFileType = folder.assetcatalog; path = Assets.xcassets; sourceTree = "<group>"; };
		043C47ED23B505A80086DE2C /* Base */ = {isa = PBXFileReference; lastKnownFileType = file.storyboard; name = Base; path = Base.lproj/LaunchScreen.storyboard; sourceTree = "<group>"; };
		043C47EF23B505A80086DE2C /* Info.plist */ = {isa = PBXFileReference; lastKnownFileType = text.plist.xml; path = Info.plist; sourceTree = "<group>"; };
		043C47F423B505A80086DE2C /* SecretHitlerBoardGameUITests.xctest */ = {isa = PBXFileReference; explicitFileType = wrapper.cfbundle; includeInIndex = 0; path = SecretHitlerBoardGameUITests.xctest; sourceTree = BUILT_PRODUCTS_DIR; };
		043C47F823B505A80086DE2C /* SecretHitlerBoardGameUITests.swift */ = {isa = PBXFileReference; lastKnownFileType = sourcecode.swift; path = SecretHitlerBoardGameUITests.swift; sourceTree = "<group>"; };
		043C47FA23B505A80086DE2C /* Info.plist */ = {isa = PBXFileReference; lastKnownFileType = text.plist.xml; path = Info.plist; sourceTree = "<group>"; };
		043C480323B509970086DE2C /* DetailViewController.swift */ = {isa = PBXFileReference; lastKnownFileType = sourcecode.swift; path = DetailViewController.swift; sourceTree = "<group>"; };
		043C480523BE4F8B0086DE2C /* SecretHitlerModel.swift */ = {isa = PBXFileReference; lastKnownFileType = sourcecode.swift; path = SecretHitlerModel.swift; sourceTree = "<group>"; };
		0454A66423BE5BBF0008EB52 /* ViewModel.swift */ = {isa = PBXFileReference; lastKnownFileType = sourcecode.swift; path = ViewModel.swift; sourceTree = "<group>"; };
		0454A66623C4259A0008EB52 /* PlayerViewModel.swift */ = {isa = PBXFileReference; lastKnownFileType = sourcecode.swift; path = PlayerViewModel.swift; sourceTree = "<group>"; };
/* End PBXFileReference section */

/* Begin PBXFrameworksBuildPhase section */
		043C47DB23B505A10086DE2C /* Frameworks */ = {
			isa = PBXFrameworksBuildPhase;
			buildActionMask = 2147483647;
			files = (
			);
			runOnlyForDeploymentPostprocessing = 0;
		};
		043C47F123B505A80086DE2C /* Frameworks */ = {
			isa = PBXFrameworksBuildPhase;
			buildActionMask = 2147483647;
			files = (
			);
			runOnlyForDeploymentPostprocessing = 0;
		};
/* End PBXFrameworksBuildPhase section */

/* Begin PBXGroup section */
		043C47D523B505A10086DE2C = {
			isa = PBXGroup;
			children = (
				043C47E023B505A10086DE2C /* SecretHitlerBoardGame */,
				043C47F723B505A80086DE2C /* SecretHitlerBoardGameUITests */,
				043C47DF23B505A10086DE2C /* Products */,
			);
			sourceTree = "<group>";
		};
		043C47DF23B505A10086DE2C /* Products */ = {
			isa = PBXGroup;
			children = (
				043C47DE23B505A10086DE2C /* SecretHitlerBoardGame.app */,
				043C47F423B505A80086DE2C /* SecretHitlerBoardGameUITests.xctest */,
			);
			name = Products;
			sourceTree = "<group>";
		};
		043C47E023B505A10086DE2C /* SecretHitlerBoardGame */ = {
			isa = PBXGroup;
			children = (
				043C47E123B505A10086DE2C /* AppDelegate.swift */,
				043C47E323B505A10086DE2C /* SceneDelegate.swift */,
				043C480523BE4F8B0086DE2C /* SecretHitlerModel.swift */,
				0454A66423BE5BBF0008EB52 /* ViewModel.swift */,
				0454A66623C4259A0008EB52 /* PlayerViewModel.swift */,
				043C47E523B505A10086DE2C /* ViewController.swift */,
				043C480323B509970086DE2C /* DetailViewController.swift */,
				043C47E723B505A10086DE2C /* Main.storyboard */,
				043C47EA23B505A80086DE2C /* Assets.xcassets */,
				043C47EC23B505A80086DE2C /* LaunchScreen.storyboard */,
				043C47EF23B505A80086DE2C /* Info.plist */,
			);
			path = SecretHitlerBoardGame;
			sourceTree = "<group>";
		};
		043C47F723B505A80086DE2C /* SecretHitlerBoardGameUITests */ = {
			isa = PBXGroup;
			children = (
				043C47F823B505A80086DE2C /* SecretHitlerBoardGameUITests.swift */,
				043C47FA23B505A80086DE2C /* Info.plist */,
			);
			path = SecretHitlerBoardGameUITests;
			sourceTree = "<group>";
		};
/* End PBXGroup section */

/* Begin PBXNativeTarget section */
		043C47DD23B505A10086DE2C /* SecretHitlerBoardGame */ = {
			isa = PBXNativeTarget;
			buildConfigurationList = 043C47FD23B505A80086DE2C /* Build configuration list for PBXNativeTarget "SecretHitlerBoardGame" */;
			buildPhases = (
				043C47DA23B505A10086DE2C /* Sources */,
				043C47DB23B505A10086DE2C /* Frameworks */,
				043C47DC23B505A10086DE2C /* Resources */,
			);
			buildRules = (
			);
			dependencies = (
			);
			name = SecretHitlerBoardGame;
			productName = SecretHitlerBoardGame;
			productReference = 043C47DE23B505A10086DE2C /* SecretHitlerBoardGame.app */;
			productType = "com.apple.product-type.application";
		};
		043C47F323B505A80086DE2C /* SecretHitlerBoardGameUITests */ = {
			isa = PBXNativeTarget;
			buildConfigurationList = 043C480023B505A80086DE2C /* Build configuration list for PBXNativeTarget "SecretHitlerBoardGameUITests" */;
			buildPhases = (
				043C47F023B505A80086DE2C /* Sources */,
				043C47F123B505A80086DE2C /* Frameworks */,
				043C47F223B505A80086DE2C /* Resources */,
			);
			buildRules = (
			);
			dependencies = (
				043C47F623B505A80086DE2C /* PBXTargetDependency */,
			);
			name = SecretHitlerBoardGameUITests;
			productName = SecretHitlerBoardGameUITests;
			productReference = 043C47F423B505A80086DE2C /* SecretHitlerBoardGameUITests.xctest */;
			productType = "com.apple.product-type.bundle.ui-testing";
		};
/* End PBXNativeTarget section */

/* Begin PBXProject section */
		043C47D623B505A10086DE2C /* Project object */ = {
			isa = PBXProject;
			attributes = {
				LastSwiftUpdateCheck = 1120;
				LastUpgradeCheck = 1120;
				ORGANIZATIONNAME = MCS;
				TargetAttributes = {
					043C47DD23B505A10086DE2C = {
						CreatedOnToolsVersion = 11.2.1;
					};
					043C47F323B505A80086DE2C = {
						CreatedOnToolsVersion = 11.2.1;
						TestTargetID = 043C47DD23B505A10086DE2C;
					};
				};
			};
			buildConfigurationList = 043C47D923B505A10086DE2C /* Build configuration list for PBXProject "SecretHitlerBoardGame" */;
			compatibilityVersion = "Xcode 9.3";
			developmentRegion = en;
			hasScannedForEncodings = 0;
			knownRegions = (
				en,
				Base,
			);
			mainGroup = 043C47D523B505A10086DE2C;
			productRefGroup = 043C47DF23B505A10086DE2C /* Products */;
			projectDirPath = "";
			projectRoot = "";
			targets = (
				043C47DD23B505A10086DE2C /* SecretHitlerBoardGame */,
				043C47F323B505A80086DE2C /* SecretHitlerBoardGameUITests */,
			);
		};
/* End PBXProject section */

/* Begin PBXResourcesBuildPhase section */
		043C47DC23B505A10086DE2C /* Resources */ = {
			isa = PBXResourcesBuildPhase;
			buildActionMask = 2147483647;
			files = (
				043C47EE23B505A80086DE2C /* LaunchScreen.storyboard in Resources */,
				043C47EB23B505A80086DE2C /* Assets.xcassets in Resources */,
				043C47E923B505A10086DE2C /* Main.storyboard in Resources */,
			);
			runOnlyForDeploymentPostprocessing = 0;
		};
		043C47F223B505A80086DE2C /* Resources */ = {
			isa = PBXResourcesBuildPhase;
			buildActionMask = 2147483647;
			files = (
			);
			runOnlyForDeploymentPostprocessing = 0;
		};
/* End PBXResourcesBuildPhase section */

/* Begin PBXSourcesBuildPhase section */
		043C47DA23B505A10086DE2C /* Sources */ = {
			isa = PBXSourcesBuildPhase;
			buildActionMask = 2147483647;
			files = (
				043C47E623B505A10086DE2C /* ViewController.swift in Sources */,
				043C47E223B505A10086DE2C /* AppDelegate.swift in Sources */,
				043C480623BE4F8B0086DE2C /* SecretHitlerModel.swift in Sources */,
				043C47E423B505A10086DE2C /* SceneDelegate.swift in Sources */,
				0454A66523BE5BBF0008EB52 /* ViewModel.swift in Sources */,
				0454A66723C4259A0008EB52 /* PlayerViewModel.swift in Sources */,
				043C480423B509970086DE2C /* DetailViewController.swift in Sources */,
			);
			runOnlyForDeploymentPostprocessing = 0;
		};
		043C47F023B505A80086DE2C /* Sources */ = {
			isa = PBXSourcesBuildPhase;
			buildActionMask = 2147483647;
			files = (
				043C47F923B505A80086DE2C /* SecretHitlerBoardGameUITests.swift in Sources */,
			);
			runOnlyForDeploymentPostprocessing = 0;
		};
/* End PBXSourcesBuildPhase section */

/* Begin PBXTargetDependency section */
		043C47F623B505A80086DE2C /* PBXTargetDependency */ = {
			isa = PBXTargetDependency;
			target = 043C47DD23B505A10086DE2C /* SecretHitlerBoardGame */;
			targetProxy = 043C47F523B505A80086DE2C /* PBXContainerItemProxy */;
		};
/* End PBXTargetDependency section */

/* Begin PBXVariantGroup section */
		043C47E723B505A10086DE2C /* Main.storyboard */ = {
			isa = PBXVariantGroup;
			children = (
				043C47E823B505A10086DE2C /* Base */,
			);
			name = Main.storyboard;
			sourceTree = "<group>";
		};
		043C47EC23B505A80086DE2C /* LaunchScreen.storyboard */ = {
			isa = PBXVariantGroup;
			children = (
				043C47ED23B505A80086DE2C /* Base */,
			);
			name = LaunchScreen.storyboard;
			sourceTree = "<group>";
		};
/* End PBXVariantGroup section */

/* Begin XCBuildConfiguration section */
		043C47FB23B505A80086DE2C /* Debug */ = {
			isa = XCBuildConfiguration;
			buildSettings = {
				ALWAYS_SEARCH_USER_PATHS = NO;
				CLANG_ANALYZER_NONNULL = YES;
				CLANG_ANALYZER_NUMBER_OBJECT_CONVERSION = YES_AGGRESSIVE;
				CLANG_CXX_LANGUAGE_STANDARD = "gnu++14";
				CLANG_CXX_LIBRARY = "libc++";
				CLANG_ENABLE_MODULES = YES;
				CLANG_ENABLE_OBJC_ARC = YES;
				CLANG_ENABLE_OBJC_WEAK = YES;
				CLANG_WARN_BLOCK_CAPTURE_AUTORELEASING = YES;
				CLANG_WARN_BOOL_CONVERSION = YES;
				CLANG_WARN_COMMA = YES;
				CLANG_WARN_CONSTANT_CONVERSION = YES;
				CLANG_WARN_DEPRECATED_OBJC_IMPLEMENTATIONS = YES;
				CLANG_WARN_DIRECT_OBJC_ISA_USAGE = YES_ERROR;
				CLANG_WARN_DOCUMENTATION_COMMENTS = YES;
				CLANG_WARN_EMPTY_BODY = YES;
				CLANG_WARN_ENUM_CONVERSION = YES;
				CLANG_WARN_INFINITE_RECURSION = YES;
				CLANG_WARN_INT_CONVERSION = YES;
				CLANG_WARN_NON_LITERAL_NULL_CONVERSION = YES;
				CLANG_WARN_OBJC_IMPLICIT_RETAIN_SELF = YES;
				CLANG_WARN_OBJC_LITERAL_CONVERSION = YES;
				CLANG_WARN_OBJC_ROOT_CLASS = YES_ERROR;
				CLANG_WARN_RANGE_LOOP_ANALYSIS = YES;
				CLANG_WARN_STRICT_PROTOTYPES = YES;
				CLANG_WARN_SUSPICIOUS_MOVE = YES;
				CLANG_WARN_UNGUARDED_AVAILABILITY = YES_AGGRESSIVE;
				CLANG_WARN_UNREACHABLE_CODE = YES;
				CLANG_WARN__DUPLICATE_METHOD_MATCH = YES;
				COPY_PHASE_STRIP = NO;
				DEBUG_INFORMATION_FORMAT = dwarf;
				ENABLE_STRICT_OBJC_MSGSEND = YES;
				ENABLE_TESTABILITY = YES;
				GCC_C_LANGUAGE_STANDARD = gnu11;
				GCC_DYNAMIC_NO_PIC = NO;
				GCC_NO_COMMON_BLOCKS = YES;
				GCC_OPTIMIZATION_LEVEL = 0;
				GCC_PREPROCESSOR_DEFINITIONS = (
					"DEBUG=1",
					"$(inherited)",
				);
				GCC_WARN_64_TO_32_BIT_CONVERSION = YES;
				GCC_WARN_ABOUT_RETURN_TYPE = YES_ERROR;
				GCC_WARN_UNDECLARED_SELECTOR = YES;
				GCC_WARN_UNINITIALIZED_AUTOS = YES_AGGRESSIVE;
				GCC_WARN_UNUSED_FUNCTION = YES;
				GCC_WARN_UNUSED_VARIABLE = YES;
				IPHONEOS_DEPLOYMENT_TARGET = 13.2;
				MTL_ENABLE_DEBUG_INFO = INCLUDE_SOURCE;
				MTL_FAST_MATH = YES;
				ONLY_ACTIVE_ARCH = YES;
				SDKROOT = iphoneos;
				SWIFT_ACTIVE_COMPILATION_CONDITIONS = DEBUG;
				SWIFT_OPTIMIZATION_LEVEL = "-Onone";
			};
			name = Debug;
		};
		043C47FC23B505A80086DE2C /* Release */ = {
			isa = XCBuildConfiguration;
			buildSettings = {
				ALWAYS_SEARCH_USER_PATHS = NO;
				CLANG_ANALYZER_NONNULL = YES;
				CLANG_ANALYZER_NUMBER_OBJECT_CONVERSION = YES_AGGRESSIVE;
				CLANG_CXX_LANGUAGE_STANDARD = "gnu++14";
				CLANG_CXX_LIBRARY = "libc++";
				CLANG_ENABLE_MODULES = YES;
				CLANG_ENABLE_OBJC_ARC = YES;
				CLANG_ENABLE_OBJC_WEAK = YES;
				CLANG_WARN_BLOCK_CAPTURE_AUTORELEASING = YES;
				CLANG_WARN_BOOL_CONVERSION = YES;
				CLANG_WARN_COMMA = YES;
				CLANG_WARN_CONSTANT_CONVERSION = YES;
				CLANG_WARN_DEPRECATED_OBJC_IMPLEMENTATIONS = YES;
				CLANG_WARN_DIRECT_OBJC_ISA_USAGE = YES_ERROR;
				CLANG_WARN_DOCUMENTATION_COMMENTS = YES;
				CLANG_WARN_EMPTY_BODY = YES;
				CLANG_WARN_ENUM_CONVERSION = YES;
				CLANG_WARN_INFINITE_RECURSION = YES;
				CLANG_WARN_INT_CONVERSION = YES;
				CLANG_WARN_NON_LITERAL_NULL_CONVERSION = YES;
				CLANG_WARN_OBJC_IMPLICIT_RETAIN_SELF = YES;
				CLANG_WARN_OBJC_LITERAL_CONVERSION = YES;
				CLANG_WARN_OBJC_ROOT_CLASS = YES_ERROR;
				CLANG_WARN_RANGE_LOOP_ANALYSIS = YES;
				CLANG_WARN_STRICT_PROTOTYPES = YES;
				CLANG_WARN_SUSPICIOUS_MOVE = YES;
				CLANG_WARN_UNGUARDED_AVAILABILITY = YES_AGGRESSIVE;
				CLANG_WARN_UNREACHABLE_CODE = YES;
				CLANG_WARN__DUPLICATE_METHOD_MATCH = YES;
				COPY_PHASE_STRIP = NO;
				DEBUG_INFORMATION_FORMAT = "dwarf-with-dsym";
				ENABLE_NS_ASSERTIONS = NO;
				ENABLE_STRICT_OBJC_MSGSEND = YES;
				GCC_C_LANGUAGE_STANDARD = gnu11;
				GCC_NO_COMMON_BLOCKS = YES;
				GCC_WARN_64_TO_32_BIT_CONVERSION = YES;
				GCC_WARN_ABOUT_RETURN_TYPE = YES_ERROR;
				GCC_WARN_UNDECLARED_SELECTOR = YES;
				GCC_WARN_UNINITIALIZED_AUTOS = YES_AGGRESSIVE;
				GCC_WARN_UNUSED_FUNCTION = YES;
				GCC_WARN_UNUSED_VARIABLE = YES;
				IPHONEOS_DEPLOYMENT_TARGET = 13.2;
				MTL_ENABLE_DEBUG_INFO = NO;
				MTL_FAST_MATH = YES;
				SDKROOT = iphoneos;
				SWIFT_COMPILATION_MODE = wholemodule;
				SWIFT_OPTIMIZATION_LEVEL = "-O";
				VALIDATE_PRODUCT = YES;
			};
			name = Release;
		};
		043C47FE23B505A80086DE2C /* Debug */ = {
			isa = XCBuildConfiguration;
			buildSettings = {
				ASSETCATALOG_COMPILER_APPICON_NAME = AppIcon;
				CODE_SIGN_STYLE = Automatic;
				INFOPLIST_FILE = SecretHitlerBoardGame/Info.plist;
				LD_RUNPATH_SEARCH_PATHS = (
					"$(inherited)",
					"@executable_path/Frameworks",
				);
				PRODUCT_BUNDLE_IDENTIFIER = Introduction.SecretHitlerBoardGame;
				PRODUCT_NAME = "$(TARGET_NAME)";
				SWIFT_VERSION = 5.0;
				TARGETED_DEVICE_FAMILY = "1,2";
			};
			name = Debug;
		};
		043C47FF23B505A80086DE2C /* Release */ = {
			isa = XCBuildConfiguration;
			buildSettings = {
				ASSETCATALOG_COMPILER_APPICON_NAME = AppIcon;
				CODE_SIGN_STYLE = Automatic;
				INFOPLIST_FILE = SecretHitlerBoardGame/Info.plist;
				LD_RUNPATH_SEARCH_PATHS = (
					"$(inherited)",
					"@executable_path/Frameworks",
				);
				PRODUCT_BUNDLE_IDENTIFIER = Introduction.SecretHitlerBoardGame;
				PRODUCT_NAME = "$(TARGET_NAME)";
				SWIFT_VERSION = 5.0;
				TARGETED_DEVICE_FAMILY = "1,2";
			};
			name = Release;
		};
		043C480123B505A80086DE2C /* Debug */ = {
			isa = XCBuildConfiguration;
			buildSettings = {
				ALWAYS_EMBED_SWIFT_STANDARD_LIBRARIES = YES;
				CODE_SIGN_STYLE = Automatic;
				INFOPLIST_FILE = SecretHitlerBoardGameUITests/Info.plist;
				LD_RUNPATH_SEARCH_PATHS = (
					"$(inherited)",
					"@executable_path/Frameworks",
					"@loader_path/Frameworks",
				);
				PRODUCT_BUNDLE_IDENTIFIER = Introduction.SecretHitlerBoardGameUITests;
				PRODUCT_NAME = "$(TARGET_NAME)";
				SWIFT_VERSION = 5.0;
				TARGETED_DEVICE_FAMILY = "1,2";
				TEST_TARGET_NAME = SecretHitlerBoardGame;
			};
			name = Debug;
		};
		043C480223B505A80086DE2C /* Release */ = {
			isa = XCBuildConfiguration;
			buildSettings = {
				ALWAYS_EMBED_SWIFT_STANDARD_LIBRARIES = YES;
				CODE_SIGN_STYLE = Automatic;
				INFOPLIST_FILE = SecretHitlerBoardGameUITests/Info.plist;
				LD_RUNPATH_SEARCH_PATHS = (
					"$(inherited)",
					"@executable_path/Frameworks",
					"@loader_path/Frameworks",
				);
				PRODUCT_BUNDLE_IDENTIFIER = Introduction.SecretHitlerBoardGameUITests;
				PRODUCT_NAME = "$(TARGET_NAME)";
				SWIFT_VERSION = 5.0;
				TARGETED_DEVICE_FAMILY = "1,2";
				TEST_TARGET_NAME = SecretHitlerBoardGame;
			};
			name = Release;
		};
/* End XCBuildConfiguration section */

/* Begin XCConfigurationList section */
		043C47D923B505A10086DE2C /* Build configuration list for PBXProject "SecretHitlerBoardGame" */ = {
			isa = XCConfigurationList;
			buildConfigurations = (
				043C47FB23B505A80086DE2C /* Debug */,
				043C47FC23B505A80086DE2C /* Release */,
			);
			defaultConfigurationIsVisible = 0;
			defaultConfigurationName = Release;
		};
		043C47FD23B505A80086DE2C /* Build configuration list for PBXNativeTarget "SecretHitlerBoardGame" */ = {
			isa = XCConfigurationList;
			buildConfigurations = (
				043C47FE23B505A80086DE2C /* Debug */,
				043C47FF23B505A80086DE2C /* Release */,
			);
			defaultConfigurationIsVisible = 0;
			defaultConfigurationName = Release;
		};
		043C480023B505A80086DE2C /* Build configuration list for PBXNativeTarget "SecretHitlerBoardGameUITests" */ = {
			isa = XCConfigurationList;
			buildConfigurations = (
				043C480123B505A80086DE2C /* Debug */,
				043C480223B505A80086DE2C /* Release */,
			);
			defaultConfigurationIsVisible = 0;
			defaultConfigurationName = Release;
		};
/* End XCConfigurationList section */
	};
	rootObject = 043C47D623B505A10086DE2C /* Project object */;
}
