// !$*UTF8*$!
{
	archiveVersion = 1;
	classes = {
	};
	objectVersion = 51;
	objects = {

/* Begin PBXBuildFile section */
		04B5A5B22321E95800333740 /* AppDelegate.swift in Sources */ = {isa = PBXBuildFile; fileRef = 04B5A5B12321E95800333740 /* AppDelegate.swift */; };
		04B5A5B42321E95800333740 /* ViewController.swift in Sources */ = {isa = PBXBuildFile; fileRef = 04B5A5B32321E95800333740 /* ViewController.swift */; };
		04B5A5B72321E95800333740 /* Main.storyboard in Resources */ = {isa = PBXBuildFile; fileRef = 04B5A5B52321E95800333740 /* Main.storyboard */; };
		04B5A5B92321E95B00333740 /* Assets.xcassets in Resources */ = {isa = PBXBuildFile; fileRef = 04B5A5B82321E95B00333740 /* Assets.xcassets */; };
		04B5A5BC2321E95B00333740 /* LaunchScreen.storyboard in Resources */ = {isa = PBXBuildFile; fileRef = 04B5A5BA2321E95B00333740 /* LaunchScreen.storyboard */; };
		04B5A5C72321E95B00333740 /* ToDoListRealmProjectUITests.swift in Sources */ = {isa = PBXBuildFile; fileRef = 04B5A5C62321E95B00333740 /* ToDoListRealmProjectUITests.swift */; };
		04B5A5D22321FDAF00333740 /* NextViewController.swift in Sources */ = {isa = PBXBuildFile; fileRef = 04B5A5D12321FDAF00333740 /* NextViewController.swift */; };
		04B5A5D42321FED500333740 /* ToDoList.swift in Sources */ = {isa = PBXBuildFile; fileRef = 04B5A5D32321FED500333740 /* ToDoList.swift */; };
		9AB927D22C9298692FC8BF77 /* Pods_ToDoListRealmProjectUITests.framework in Frameworks */ = {isa = PBXBuildFile; fileRef = 1A1355ED86E0474B295354B5 /* Pods_ToDoListRealmProjectUITests.framework */; };
		D856AD7064460BB792133424 /* Pods_ToDoListRealmProject.framework in Frameworks */ = {isa = PBXBuildFile; fileRef = C6129EBE38E9A0CB5FBDB826 /* Pods_ToDoListRealmProject.framework */; };
/* End PBXBuildFile section */

/* Begin PBXContainerItemProxy section */
		04B5A5C32321E95B00333740 /* PBXContainerItemProxy */ = {
			isa = PBXContainerItemProxy;
			containerPortal = 04B5A5A62321E95800333740 /* Project object */;
			proxyType = 1;
			remoteGlobalIDString = 04B5A5AD2321E95800333740;
			remoteInfo = ToDoListRealmProject;
		};
/* End PBXContainerItemProxy section */

/* Begin PBXFileReference section */
		04B5A5AE2321E95800333740 /* ToDoListRealmProject.app */ = {isa = PBXFileReference; explicitFileType = wrapper.application; includeInIndex = 0; path = ToDoListRealmProject.app; sourceTree = BUILT_PRODUCTS_DIR; };
		04B5A5B12321E95800333740 /* AppDelegate.swift */ = {isa = PBXFileReference; lastKnownFileType = sourcecode.swift; path = AppDelegate.swift; sourceTree = "<group>"; };
		04B5A5B32321E95800333740 /* ViewController.swift */ = {isa = PBXFileReference; lastKnownFileType = sourcecode.swift; path = ViewController.swift; sourceTree = "<group>"; };
		04B5A5B62321E95800333740 /* Base */ = {isa = PBXFileReference; lastKnownFileType = file.storyboard; name = Base; path = Base.lproj/Main.storyboard; sourceTree = "<group>"; };
		04B5A5B82321E95B00333740 /* Assets.xcassets */ = {isa = PBXFileReference; lastKnownFileType = folder.assetcatalog; path = Assets.xcassets; sourceTree = "<group>"; };
		04B5A5BB2321E95B00333740 /* Base */ = {isa = PBXFileReference; lastKnownFileType = file.storyboard; name = Base; path = Base.lproj/LaunchScreen.storyboard; sourceTree = "<group>"; };
		04B5A5BD2321E95B00333740 /* Info.plist */ = {isa = PBXFileReference; lastKnownFileType = text.plist.xml; path = Info.plist; sourceTree = "<group>"; };
		04B5A5C22321E95B00333740 /* ToDoListRealmProjectUITests.xctest */ = {isa = PBXFileReference; explicitFileType = wrapper.cfbundle; includeInIndex = 0; path = ToDoListRealmProjectUITests.xctest; sourceTree = BUILT_PRODUCTS_DIR; };
		04B5A5C62321E95B00333740 /* ToDoListRealmProjectUITests.swift */ = {isa = PBXFileReference; lastKnownFileType = sourcecode.swift; path = ToDoListRealmProjectUITests.swift; sourceTree = "<group>"; };
		04B5A5C82321E95B00333740 /* Info.plist */ = {isa = PBXFileReference; lastKnownFileType = text.plist.xml; path = Info.plist; sourceTree = "<group>"; };
		04B5A5D12321FDAF00333740 /* NextViewController.swift */ = {isa = PBXFileReference; lastKnownFileType = sourcecode.swift; path = NextViewController.swift; sourceTree = "<group>"; };
		04B5A5D32321FED500333740 /* ToDoList.swift */ = {isa = PBXFileReference; lastKnownFileType = sourcecode.swift; path = ToDoList.swift; sourceTree = "<group>"; };
		1A1355ED86E0474B295354B5 /* Pods_ToDoListRealmProjectUITests.framework */ = {isa = PBXFileReference; explicitFileType = wrapper.framework; includeInIndex = 0; path = Pods_ToDoListRealmProjectUITests.framework; sourceTree = BUILT_PRODUCTS_DIR; };
		56591CECB8F8B86B2FD3B46B /* Pods-ToDoListRealmProject.debug.xcconfig */ = {isa = PBXFileReference; includeInIndex = 1; lastKnownFileType = text.xcconfig; name = "Pods-ToDoListRealmProject.debug.xcconfig"; path = "Target Support Files/Pods-ToDoListRealmProject/Pods-ToDoListRealmProject.debug.xcconfig"; sourceTree = "<group>"; };
		6C9BF50A83EDD5CBCA0E04F8 /* Pods-ToDoListRealmProjectUITests.debug.xcconfig */ = {isa = PBXFileReference; includeInIndex = 1; lastKnownFileType = text.xcconfig; name = "Pods-ToDoListRealmProjectUITests.debug.xcconfig"; path = "Target Support Files/Pods-ToDoListRealmProjectUITests/Pods-ToDoListRealmProjectUITests.debug.xcconfig"; sourceTree = "<group>"; };
		C1E971F082ED355FBF58AFA4 /* Pods-ToDoListRealmProjectUITests.release.xcconfig */ = {isa = PBXFileReference; includeInIndex = 1; lastKnownFileType = text.xcconfig; name = "Pods-ToDoListRealmProjectUITests.release.xcconfig"; path = "Target Support Files/Pods-ToDoListRealmProjectUITests/Pods-ToDoListRealmProjectUITests.release.xcconfig"; sourceTree = "<group>"; };
		C6129EBE38E9A0CB5FBDB826 /* Pods_ToDoListRealmProject.framework */ = {isa = PBXFileReference; explicitFileType = wrapper.framework; includeInIndex = 0; path = Pods_ToDoListRealmProject.framework; sourceTree = BUILT_PRODUCTS_DIR; };
		F0E261AB05B05ED97F2B62C2 /* Pods-ToDoListRealmProject.release.xcconfig */ = {isa = PBXFileReference; includeInIndex = 1; lastKnownFileType = text.xcconfig; name = "Pods-ToDoListRealmProject.release.xcconfig"; path = "Target Support Files/Pods-ToDoListRealmProject/Pods-ToDoListRealmProject.release.xcconfig"; sourceTree = "<group>"; };
/* End PBXFileReference section */

/* Begin PBXFrameworksBuildPhase section */
		04B5A5AB2321E95800333740 /* Frameworks */ = {
			isa = PBXFrameworksBuildPhase;
			buildActionMask = 2147483647;
			files = (
				D856AD7064460BB792133424 /* Pods_ToDoListRealmProject.framework in Frameworks */,
			);
			runOnlyForDeploymentPostprocessing = 0;
		};
		04B5A5BF2321E95B00333740 /* Frameworks */ = {
			isa = PBXFrameworksBuildPhase;
			buildActionMask = 2147483647;
			files = (
				9AB927D22C9298692FC8BF77 /* Pods_ToDoListRealmProjectUITests.framework in Frameworks */,
			);
			runOnlyForDeploymentPostprocessing = 0;
		};
/* End PBXFrameworksBuildPhase section */

/* Begin PBXGroup section */
		04B5A5A52321E95800333740 = {
			isa = PBXGroup;
			children = (
				04B5A5B02321E95800333740 /* ToDoListRealmProject */,
				04B5A5C52321E95B00333740 /* ToDoListRealmProjectUITests */,
				04B5A5AF2321E95800333740 /* Products */,
				345F9FBE745D2A22182411D4 /* Pods */,
				4422D679B0ED9B1DAAC6B0CE /* Frameworks */,
			);
			sourceTree = "<group>";
		};
		04B5A5AF2321E95800333740 /* Products */ = {
			isa = PBXGroup;
			children = (
				04B5A5AE2321E95800333740 /* ToDoListRealmProject.app */,
				04B5A5C22321E95B00333740 /* ToDoListRealmProjectUITests.xctest */,
			);
			name = Products;
			sourceTree = "<group>";
		};
		04B5A5B02321E95800333740 /* ToDoListRealmProject */ = {
			isa = PBXGroup;
			children = (
				04B5A5B12321E95800333740 /* AppDelegate.swift */,
				04B5A5B32321E95800333740 /* ViewController.swift */,
				04B5A5B52321E95800333740 /* Main.storyboard */,
				04B5A5B82321E95B00333740 /* Assets.xcassets */,
				04B5A5BA2321E95B00333740 /* LaunchScreen.storyboard */,
				04B5A5BD2321E95B00333740 /* Info.plist */,
				04B5A5D12321FDAF00333740 /* NextViewController.swift */,
				04B5A5D32321FED500333740 /* ToDoList.swift */,
			);
			path = ToDoListRealmProject;
			sourceTree = "<group>";
		};
		04B5A5C52321E95B00333740 /* ToDoListRealmProjectUITests */ = {
			isa = PBXGroup;
			children = (
				04B5A5C62321E95B00333740 /* ToDoListRealmProjectUITests.swift */,
				04B5A5C82321E95B00333740 /* Info.plist */,
			);
			path = ToDoListRealmProjectUITests;
			sourceTree = "<group>";
		};
		345F9FBE745D2A22182411D4 /* Pods */ = {
			isa = PBXGroup;
			children = (
				56591CECB8F8B86B2FD3B46B /* Pods-ToDoListRealmProject.debug.xcconfig */,
				F0E261AB05B05ED97F2B62C2 /* Pods-ToDoListRealmProject.release.xcconfig */,
				6C9BF50A83EDD5CBCA0E04F8 /* Pods-ToDoListRealmProjectUITests.debug.xcconfig */,
				C1E971F082ED355FBF58AFA4 /* Pods-ToDoListRealmProjectUITests.release.xcconfig */,
			);
			path = Pods;
			sourceTree = "<group>";
		};
		4422D679B0ED9B1DAAC6B0CE /* Frameworks */ = {
			isa = PBXGroup;
			children = (
				C6129EBE38E9A0CB5FBDB826 /* Pods_ToDoListRealmProject.framework */,
				1A1355ED86E0474B295354B5 /* Pods_ToDoListRealmProjectUITests.framework */,
			);
			name = Frameworks;
			sourceTree = "<group>";
		};
/* End PBXGroup section */

/* Begin PBXNativeTarget section */
		04B5A5AD2321E95800333740 /* ToDoListRealmProject */ = {
			isa = PBXNativeTarget;
			buildConfigurationList = 04B5A5CB2321E95B00333740 /* Build configuration list for PBXNativeTarget "ToDoListRealmProject" */;
			buildPhases = (
				68A879D366CC4E1E39E09D4B /* [CP] Check Pods Manifest.lock */,
				04B5A5AA2321E95800333740 /* Sources */,
				04B5A5AB2321E95800333740 /* Frameworks */,
				04B5A5AC2321E95800333740 /* Resources */,
				FD93A3BC276BCC4C5CD07C89 /* [CP] Embed Pods Frameworks */,
			);
			buildRules = (
			);
			dependencies = (
			);
			name = ToDoListRealmProject;
			productName = ToDoListRealmProject;
			productReference = 04B5A5AE2321E95800333740 /* ToDoListRealmProject.app */;
			productType = "com.apple.product-type.application";
		};
		04B5A5C12321E95B00333740 /* ToDoListRealmProjectUITests */ = {
			isa = PBXNativeTarget;
			buildConfigurationList = 04B5A5CE2321E95B00333740 /* Build configuration list for PBXNativeTarget "ToDoListRealmProjectUITests" */;
			buildPhases = (
				FE4941D62574942D8B535750 /* [CP] Check Pods Manifest.lock */,
				04B5A5BE2321E95B00333740 /* Sources */,
				04B5A5BF2321E95B00333740 /* Frameworks */,
				04B5A5C02321E95B00333740 /* Resources */,
			);
			buildRules = (
			);
			dependencies = (
				04B5A5C42321E95B00333740 /* PBXTargetDependency */,
			);
			name = ToDoListRealmProjectUITests;
			productName = ToDoListRealmProjectUITests;
			productReference = 04B5A5C22321E95B00333740 /* ToDoListRealmProjectUITests.xctest */;
			productType = "com.apple.product-type.bundle.ui-testing";
		};
/* End PBXNativeTarget section */

/* Begin PBXProject section */
		04B5A5A62321E95800333740 /* Project object */ = {
			isa = PBXProject;
			attributes = {
				LastSwiftUpdateCheck = 1030;
				LastUpgradeCheck = 1030;
				ORGANIZATIONNAME = MCS;
				TargetAttributes = {
					04B5A5AD2321E95800333740 = {
						CreatedOnToolsVersion = 10.3;
					};
					04B5A5C12321E95B00333740 = {
						CreatedOnToolsVersion = 10.3;
						TestTargetID = 04B5A5AD2321E95800333740;
					};
				};
			};
			buildConfigurationList = 04B5A5A92321E95800333740 /* Build configuration list for PBXProject "ToDoListRealmProject" */;
			compatibilityVersion = "Xcode 9.3";
			developmentRegion = en;
			hasScannedForEncodings = 0;
			knownRegions = (
				en,
				Base,
			);
			mainGroup = 04B5A5A52321E95800333740;
			productRefGroup = 04B5A5AF2321E95800333740 /* Products */;
			projectDirPath = "";
			projectRoot = "";
			targets = (
				04B5A5AD2321E95800333740 /* ToDoListRealmProject */,
				04B5A5C12321E95B00333740 /* ToDoListRealmProjectUITests */,
			);
		};
/* End PBXProject section */

/* Begin PBXResourcesBuildPhase section */
		04B5A5AC2321E95800333740 /* Resources */ = {
			isa = PBXResourcesBuildPhase;
			buildActionMask = 2147483647;
			files = (
				04B5A5BC2321E95B00333740 /* LaunchScreen.storyboard in Resources */,
				04B5A5B92321E95B00333740 /* Assets.xcassets in Resources */,
				04B5A5B72321E95800333740 /* Main.storyboard in Resources */,
			);
			runOnlyForDeploymentPostprocessing = 0;
		};
		04B5A5C02321E95B00333740 /* Resources */ = {
			isa = PBXResourcesBuildPhase;
			buildActionMask = 2147483647;
			files = (
			);
			runOnlyForDeploymentPostprocessing = 0;
		};
/* End PBXResourcesBuildPhase section */

/* Begin PBXShellScriptBuildPhase section */
		68A879D366CC4E1E39E09D4B /* [CP] Check Pods Manifest.lock */ = {
			isa = PBXShellScriptBuildPhase;
			buildActionMask = 2147483647;
			files = (
			);
			inputFileListPaths = (
			);
			inputPaths = (
				"${PODS_PODFILE_DIR_PATH}/Podfile.lock",
				"${PODS_ROOT}/Manifest.lock",
			);
			name = "[CP] Check Pods Manifest.lock";
			outputFileListPaths = (
			);
			outputPaths = (
				"$(DERIVED_FILE_DIR)/Pods-ToDoListRealmProject-checkManifestLockResult.txt",
			);
			runOnlyForDeploymentPostprocessing = 0;
			shellPath = /bin/sh;
			shellScript = "diff \"${PODS_PODFILE_DIR_PATH}/Podfile.lock\" \"${PODS_ROOT}/Manifest.lock\" > /dev/null\nif [ $? != 0 ] ; then\n    # print error to STDERR\n    echo \"error: The sandbox is not in sync with the Podfile.lock. Run 'pod install' or update your CocoaPods installation.\" >&2\n    exit 1\nfi\n# This output is used by Xcode 'outputs' to avoid re-running this script phase.\necho \"SUCCESS\" > \"${SCRIPT_OUTPUT_FILE_0}\"\n";
			showEnvVarsInLog = 0;
		};
		FD93A3BC276BCC4C5CD07C89 /* [CP] Embed Pods Frameworks */ = {
			isa = PBXShellScriptBuildPhase;
			buildActionMask = 2147483647;
			files = (
			);
			inputFileListPaths = (
				"${PODS_ROOT}/Target Support Files/Pods-ToDoListRealmProject/Pods-ToDoListRealmProject-frameworks-${CONFIGURATION}-input-files.xcfilelist",
			);
			name = "[CP] Embed Pods Frameworks";
			outputFileListPaths = (
				"${PODS_ROOT}/Target Support Files/Pods-ToDoListRealmProject/Pods-ToDoListRealmProject-frameworks-${CONFIGURATION}-output-files.xcfilelist",
			);
			runOnlyForDeploymentPostprocessing = 0;
			shellPath = /bin/sh;
			shellScript = "\"${PODS_ROOT}/Target Support Files/Pods-ToDoListRealmProject/Pods-ToDoListRealmProject-frameworks.sh\"\n";
			showEnvVarsInLog = 0;
		};
		FE4941D62574942D8B535750 /* [CP] Check Pods Manifest.lock */ = {
			isa = PBXShellScriptBuildPhase;
			buildActionMask = 2147483647;
			files = (
			);
			inputFileListPaths = (
			);
			inputPaths = (
				"${PODS_PODFILE_DIR_PATH}/Podfile.lock",
				"${PODS_ROOT}/Manifest.lock",
			);
			name = "[CP] Check Pods Manifest.lock";
			outputFileListPaths = (
			);
			outputPaths = (
				"$(DERIVED_FILE_DIR)/Pods-ToDoListRealmProjectUITests-checkManifestLockResult.txt",
			);
			runOnlyForDeploymentPostprocessing = 0;
			shellPath = /bin/sh;
			shellScript = "diff \"${PODS_PODFILE_DIR_PATH}/Podfile.lock\" \"${PODS_ROOT}/Manifest.lock\" > /dev/null\nif [ $? != 0 ] ; then\n    # print error to STDERR\n    echo \"error: The sandbox is not in sync with the Podfile.lock. Run 'pod install' or update your CocoaPods installation.\" >&2\n    exit 1\nfi\n# This output is used by Xcode 'outputs' to avoid re-running this script phase.\necho \"SUCCESS\" > \"${SCRIPT_OUTPUT_FILE_0}\"\n";
			showEnvVarsInLog = 0;
		};
/* End PBXShellScriptBuildPhase section */

/* Begin PBXSourcesBuildPhase section */
		04B5A5AA2321E95800333740 /* Sources */ = {
			isa = PBXSourcesBuildPhase;
			buildActionMask = 2147483647;
			files = (
				04B5A5B42321E95800333740 /* ViewController.swift in Sources */,
				04B5A5D22321FDAF00333740 /* NextViewController.swift in Sources */,
				04B5A5B22321E95800333740 /* AppDelegate.swift in Sources */,
				04B5A5D42321FED500333740 /* ToDoList.swift in Sources */,
			);
			runOnlyForDeploymentPostprocessing = 0;
		};
		04B5A5BE2321E95B00333740 /* Sources */ = {
			isa = PBXSourcesBuildPhase;
			buildActionMask = 2147483647;
			files = (
				04B5A5C72321E95B00333740 /* ToDoListRealmProjectUITests.swift in Sources */,
			);
			runOnlyForDeploymentPostprocessing = 0;
		};
/* End PBXSourcesBuildPhase section */

/* Begin PBXTargetDependency section */
		04B5A5C42321E95B00333740 /* PBXTargetDependency */ = {
			isa = PBXTargetDependency;
			target = 04B5A5AD2321E95800333740 /* ToDoListRealmProject */;
			targetProxy = 04B5A5C32321E95B00333740 /* PBXContainerItemProxy */;
		};
/* End PBXTargetDependency section */

/* Begin PBXVariantGroup section */
		04B5A5B52321E95800333740 /* Main.storyboard */ = {
			isa = PBXVariantGroup;
			children = (
				04B5A5B62321E95800333740 /* Base */,
			);
			name = Main.storyboard;
			sourceTree = "<group>";
		};
		04B5A5BA2321E95B00333740 /* LaunchScreen.storyboard */ = {
			isa = PBXVariantGroup;
			children = (
				04B5A5BB2321E95B00333740 /* Base */,
			);
			name = LaunchScreen.storyboard;
			sourceTree = "<group>";
		};
/* End PBXVariantGroup section */

/* Begin XCBuildConfiguration section */
		04B5A5C92321E95B00333740 /* Debug */ = {
			isa = XCBuildConfiguration;
			buildSettings = {
				ALWAYS_SEARCH_USER_PATHS = NO;
				CLANG_ANALYZER_NONNULL = YES;
				CLANG_ANALYZER_NUMBER_OBJECT_CONVERSION = YES_AGGRESSIVE;
				CLANG_CXX_LANGUAGE_STANDARD = "gnu++14";
				CLANG_CXX_LIBRARY = "libc++";
				CLANG_ENABLE_MODULES = YES;
				CLANG_ENABLE_OBJC_ARC = YES;
				CLANG_ENABLE_OBJC_WEAK = YES;
				CLANG_WARN_BLOCK_CAPTURE_AUTORELEASING = YES;
				CLANG_WARN_BOOL_CONVERSION = YES;
				CLANG_WARN_COMMA = YES;
				CLANG_WARN_CONSTANT_CONVERSION = YES;
				CLANG_WARN_DEPRECATED_OBJC_IMPLEMENTATIONS = YES;
				CLANG_WARN_DIRECT_OBJC_ISA_USAGE = YES_ERROR;
				CLANG_WARN_DOCUMENTATION_COMMENTS = YES;
				CLANG_WARN_EMPTY_BODY = YES;
				CLANG_WARN_ENUM_CONVERSION = YES;
				CLANG_WARN_INFINITE_RECURSION = YES;
				CLANG_WARN_INT_CONVERSION = YES;
				CLANG_WARN_NON_LITERAL_NULL_CONVERSION = YES;
				CLANG_WARN_OBJC_IMPLICIT_RETAIN_SELF = YES;
				CLANG_WARN_OBJC_LITERAL_CONVERSION = YES;
				CLANG_WARN_OBJC_ROOT_CLASS = YES_ERROR;
				CLANG_WARN_RANGE_LOOP_ANALYSIS = YES;
				CLANG_WARN_STRICT_PROTOTYPES = YES;
				CLANG_WARN_SUSPICIOUS_MOVE = YES;
				CLANG_WARN_UNGUARDED_AVAILABILITY = YES_AGGRESSIVE;
				CLANG_WARN_UNREACHABLE_CODE = YES;
				CLANG_WARN__DUPLICATE_METHOD_MATCH = YES;
				CODE_SIGN_IDENTITY = "iPhone Developer";
				COPY_PHASE_STRIP = NO;
				DEBUG_INFORMATION_FORMAT = dwarf;
				ENABLE_STRICT_OBJC_MSGSEND = YES;
				ENABLE_TESTABILITY = YES;
				GCC_C_LANGUAGE_STANDARD = gnu11;
				GCC_DYNAMIC_NO_PIC = NO;
				GCC_NO_COMMON_BLOCKS = YES;
				GCC_OPTIMIZATION_LEVEL = 0;
				GCC_PREPROCESSOR_DEFINITIONS = (
					"DEBUG=1",
					"$(inherited)",
				);
				GCC_WARN_64_TO_32_BIT_CONVERSION = YES;
				GCC_WARN_ABOUT_RETURN_TYPE = YES_ERROR;
				GCC_WARN_UNDECLARED_SELECTOR = YES;
				GCC_WARN_UNINITIALIZED_AUTOS = YES_AGGRESSIVE;
				GCC_WARN_UNUSED_FUNCTION = YES;
				GCC_WARN_UNUSED_VARIABLE = YES;
				IPHONEOS_DEPLOYMENT_TARGET = 12.4;
				MTL_ENABLE_DEBUG_INFO = INCLUDE_SOURCE;
				MTL_FAST_MATH = YES;
				ONLY_ACTIVE_ARCH = YES;
				SDKROOT = iphoneos;
				SWIFT_ACTIVE_COMPILATION_CONDITIONS = DEBUG;
				SWIFT_OPTIMIZATION_LEVEL = "-Onone";
			};
			name = Debug;
		};
		04B5A5CA2321E95B00333740 /* Release */ = {
			isa = XCBuildConfiguration;
			buildSettings = {
				ALWAYS_SEARCH_USER_PATHS = NO;
				CLANG_ANALYZER_NONNULL = YES;
				CLANG_ANALYZER_NUMBER_OBJECT_CONVERSION = YES_AGGRESSIVE;
				CLANG_CXX_LANGUAGE_STANDARD = "gnu++14";
				CLANG_CXX_LIBRARY = "libc++";
				CLANG_ENABLE_MODULES = YES;
				CLANG_ENABLE_OBJC_ARC = YES;
				CLANG_ENABLE_OBJC_WEAK = YES;
				CLANG_WARN_BLOCK_CAPTURE_AUTORELEASING = YES;
				CLANG_WARN_BOOL_CONVERSION = YES;
				CLANG_WARN_COMMA = YES;
				CLANG_WARN_CONSTANT_CONVERSION = YES;
				CLANG_WARN_DEPRECATED_OBJC_IMPLEMENTATIONS = YES;
				CLANG_WARN_DIRECT_OBJC_ISA_USAGE = YES_ERROR;
				CLANG_WARN_DOCUMENTATION_COMMENTS = YES;
				CLANG_WARN_EMPTY_BODY = YES;
				CLANG_WARN_ENUM_CONVERSION = YES;
				CLANG_WARN_INFINITE_RECURSION = YES;
				CLANG_WARN_INT_CONVERSION = YES;
				CLANG_WARN_NON_LITERAL_NULL_CONVERSION = YES;
				CLANG_WARN_OBJC_IMPLICIT_RETAIN_SELF = YES;
				CLANG_WARN_OBJC_LITERAL_CONVERSION = YES;
				CLANG_WARN_OBJC_ROOT_CLASS = YES_ERROR;
				CLANG_WARN_RANGE_LOOP_ANALYSIS = YES;
				CLANG_WARN_STRICT_PROTOTYPES = YES;
				CLANG_WARN_SUSPICIOUS_MOVE = YES;
				CLANG_WARN_UNGUARDED_AVAILABILITY = YES_AGGRESSIVE;
				CLANG_WARN_UNREACHABLE_CODE = YES;
				CLANG_WARN__DUPLICATE_METHOD_MATCH = YES;
				CODE_SIGN_IDENTITY = "iPhone Developer";
				COPY_PHASE_STRIP = NO;
				DEBUG_INFORMATION_FORMAT = "dwarf-with-dsym";
				ENABLE_NS_ASSERTIONS = NO;
				ENABLE_STRICT_OBJC_MSGSEND = YES;
				GCC_C_LANGUAGE_STANDARD = gnu11;
				GCC_NO_COMMON_BLOCKS = YES;
				GCC_WARN_64_TO_32_BIT_CONVERSION = YES;
				GCC_WARN_ABOUT_RETURN_TYPE = YES_ERROR;
				GCC_WARN_UNDECLARED_SELECTOR = YES;
				GCC_WARN_UNINITIALIZED_AUTOS = YES_AGGRESSIVE;
				GCC_WARN_UNUSED_FUNCTION = YES;
				GCC_WARN_UNUSED_VARIABLE = YES;
				IPHONEOS_DEPLOYMENT_TARGET = 12.4;
				MTL_ENABLE_DEBUG_INFO = NO;
				MTL_FAST_MATH = YES;
				SDKROOT = iphoneos;
				SWIFT_COMPILATION_MODE = wholemodule;
				SWIFT_OPTIMIZATION_LEVEL = "-O";
				VALIDATE_PRODUCT = YES;
			};
			name = Release;
		};
		04B5A5CC2321E95B00333740 /* Debug */ = {
			isa = XCBuildConfiguration;
			baseConfigurationReference = 56591CECB8F8B86B2FD3B46B /* Pods-ToDoListRealmProject.debug.xcconfig */;
			buildSettings = {
				ASSETCATALOG_COMPILER_APPICON_NAME = AppIcon;
				CODE_SIGN_STYLE = Automatic;
				INFOPLIST_FILE = ToDoListRealmProject/Info.plist;
				LD_RUNPATH_SEARCH_PATHS = (
					"$(inherited)",
					"@executable_path/Frameworks",
				);
				PRODUCT_BUNDLE_IDENTIFIER = Introduction.ToDoListRealmProject;
				PRODUCT_NAME = "$(TARGET_NAME)";
				SWIFT_VERSION = 5.0;
				TARGETED_DEVICE_FAMILY = "1,2";
			};
			name = Debug;
		};
		04B5A5CD2321E95B00333740 /* Release */ = {
			isa = XCBuildConfiguration;
			baseConfigurationReference = F0E261AB05B05ED97F2B62C2 /* Pods-ToDoListRealmProject.release.xcconfig */;
			buildSettings = {
				ASSETCATALOG_COMPILER_APPICON_NAME = AppIcon;
				CODE_SIGN_STYLE = Automatic;
				INFOPLIST_FILE = ToDoListRealmProject/Info.plist;
				LD_RUNPATH_SEARCH_PATHS = (
					"$(inherited)",
					"@executable_path/Frameworks",
				);
				PRODUCT_BUNDLE_IDENTIFIER = Introduction.ToDoListRealmProject;
				PRODUCT_NAME = "$(TARGET_NAME)";
				SWIFT_VERSION = 5.0;
				TARGETED_DEVICE_FAMILY = "1,2";
			};
			name = Release;
		};
		04B5A5CF2321E95B00333740 /* Debug */ = {
			isa = XCBuildConfiguration;
			baseConfigurationReference = 6C9BF50A83EDD5CBCA0E04F8 /* Pods-ToDoListRealmProjectUITests.debug.xcconfig */;
			buildSettings = {
				ALWAYS_EMBED_SWIFT_STANDARD_LIBRARIES = YES;
				CODE_SIGN_STYLE = Automatic;
				INFOPLIST_FILE = ToDoListRealmProjectUITests/Info.plist;
				LD_RUNPATH_SEARCH_PATHS = (
					"$(inherited)",
					"@executable_path/Frameworks",
					"@loader_path/Frameworks",
				);
				PRODUCT_BUNDLE_IDENTIFIER = Introduction.ToDoListRealmProjectUITests;
				PRODUCT_NAME = "$(TARGET_NAME)";
				SWIFT_VERSION = 5.0;
				TARGETED_DEVICE_FAMILY = "1,2";
				TEST_TARGET_NAME = ToDoListRealmProject;
			};
			name = Debug;
		};
		04B5A5D02321E95B00333740 /* Release */ = {
			isa = XCBuildConfiguration;
			baseConfigurationReference = C1E971F082ED355FBF58AFA4 /* Pods-ToDoListRealmProjectUITests.release.xcconfig */;
			buildSettings = {
				ALWAYS_EMBED_SWIFT_STANDARD_LIBRARIES = YES;
				CODE_SIGN_STYLE = Automatic;
				INFOPLIST_FILE = ToDoListRealmProjectUITests/Info.plist;
				LD_RUNPATH_SEARCH_PATHS = (
					"$(inherited)",
					"@executable_path/Frameworks",
					"@loader_path/Frameworks",
				);
				PRODUCT_BUNDLE_IDENTIFIER = Introduction.ToDoListRealmProjectUITests;
				PRODUCT_NAME = "$(TARGET_NAME)";
				SWIFT_VERSION = 5.0;
				TARGETED_DEVICE_FAMILY = "1,2";
				TEST_TARGET_NAME = ToDoListRealmProject;
			};
			name = Release;
		};
/* End XCBuildConfiguration section */

/* Begin XCConfigurationList section */
		04B5A5A92321E95800333740 /* Build configuration list for PBXProject "ToDoListRealmProject" */ = {
			isa = XCConfigurationList;
			buildConfigurations = (
				04B5A5C92321E95B00333740 /* Debug */,
				04B5A5CA2321E95B00333740 /* Release */,
			);
			defaultConfigurationIsVisible = 0;
			defaultConfigurationName = Release;
		};
		04B5A5CB2321E95B00333740 /* Build configuration list for PBXNativeTarget "ToDoListRealmProject" */ = {
			isa = XCConfigurationList;
			buildConfigurations = (
				04B5A5CC2321E95B00333740 /* Debug */,
				04B5A5CD2321E95B00333740 /* Release */,
			);
			defaultConfigurationIsVisible = 0;
			defaultConfigurationName = Release;
		};
		04B5A5CE2321E95B00333740 /* Build configuration list for PBXNativeTarget "ToDoListRealmProjectUITests" */ = {
			isa = XCConfigurationList;
			buildConfigurations = (
				04B5A5CF2321E95B00333740 /* Debug */,
				04B5A5D02321E95B00333740 /* Release */,
			);
			defaultConfigurationIsVisible = 0;
			defaultConfigurationName = Release;
		};
/* End XCConfigurationList section */
	};
	rootObject = 04B5A5A62321E95800333740 /* Project object */;
}
